{
  "version": 4,
  "terraform_version": "1.7.4",
  "serial": 892,
  "lineage": "52d48e59-c03d-7787-161e-86b9674350df",
  "outputs": {
    "logins": {
      "value": [
        "lighting app: ssh -i ~/.ssh/project-key.pem ubuntu@ec2-13-40-54-216.eu-west-2.compute.amazonaws.com",
        "heating app: ssh -i ~/.ssh/project-key.pem ubuntu@ec2-3-8-153-70.eu-west-2.compute.amazonaws.com",
        "status app: ssh -i ~/.ssh/project-key.pem ubuntu@ec2-35-176-90-39.eu-west-2.compute.amazonaws.com",
        "auth app: ssh -i ~/.ssh/project-key.pem ubuntu@ip-10-0-1-56.eu-west-2.compute.internal"
      ],
      "type": [
        "tuple",
        [
          "string",
          "string",
          "string",
          "string"
        ]
      ]
    },
    "private_load_balancer_url": {
      "value": "internal-terraform-project-private-lb-1877295955.eu-west-2.elb.amazonaws.com",
      "type": "string"
    },
    "public_load_balancer_url": {
      "value": "terraform-project-public-lb-1692134291.eu-west-2.elb.amazonaws.com",
      "type": "string"
    }
  },
  "resources": [
    {
      "module": "module.external_load_balancer",
      "mode": "managed",
      "type": "aws_lb",
      "name": "load_balancer",
      "provider": "provider[\"registry.terraform.io/hashicorp/aws\"]",
      "instances": [
        {
          "schema_version": 0,
          "attributes": {
            "access_logs": [
              {
                "bucket": "",
                "enabled": false,
                "prefix": ""
              }
            ],
            "arn": "arn:aws:elasticloadbalancing:eu-west-2:637423603362:loadbalancer/app/terraform-project-public-lb/6cd95f5807723f8f",
            "arn_suffix": "app/terraform-project-public-lb/6cd95f5807723f8f",
            "customer_owned_ipv4_pool": "",
            "desync_mitigation_mode": "defensive",
            "dns_name": "terraform-project-public-lb-1692134291.eu-west-2.elb.amazonaws.com",
            "drop_invalid_header_fields": false,
            "enable_cross_zone_load_balancing": true,
            "enable_deletion_protection": false,
            "enable_http2": true,
            "enable_tls_version_and_cipher_suite_headers": false,
            "enable_waf_fail_open": false,
            "enable_xff_client_port": false,
            "id": "arn:aws:elasticloadbalancing:eu-west-2:637423603362:loadbalancer/app/terraform-project-public-lb/6cd95f5807723f8f",
            "idle_timeout": 60,
            "internal": false,
            "ip_address_type": "ipv4",
            "load_balancer_type": "application",
            "name": "terraform-project-public-lb",
            "name_prefix": "",
            "preserve_host_header": false,
            "security_groups": [
              "sg-0a6c2f8a819db3d34",
              "sg-0d9ee6989d2c9daf0",
              "sg-0e2975d5353cf092b"
            ],
            "subnet_mapping": [
              {
                "allocation_id": "",
                "ipv6_address": "",
                "outpost_id": "",
                "private_ipv4_address": "",
                "subnet_id": "subnet-07a9d797b31bfaacb"
              },
              {
                "allocation_id": "",
                "ipv6_address": "",
                "outpost_id": "",
                "private_ipv4_address": "",
                "subnet_id": "subnet-09eef5cf97e5ba90d"
              },
              {
                "allocation_id": "",
                "ipv6_address": "",
                "outpost_id": "",
                "private_ipv4_address": "",
                "subnet_id": "subnet-0f47f785210ba5ee1"
              }
            ],
            "subnets": [
              "subnet-07a9d797b31bfaacb",
              "subnet-09eef5cf97e5ba90d",
              "subnet-0f47f785210ba5ee1"
            ],
            "tags": {},
            "tags_all": {},
            "timeouts": null,
            "vpc_id": "vpc-041c26637b16b8be9",
            "xff_header_processing_mode": "append",
            "zone_id": "ZHURV8PSTC4K8"
          },
          "sensitive_attributes": [],
          "private": "eyJlMmJmYjczMC1lY2FhLTExZTYtOGY4OC0zNDM2M2JjN2M0YzAiOnsiY3JlYXRlIjo2MDAwMDAwMDAwMDAsImRlbGV0ZSI6NjAwMDAwMDAwMDAwLCJ1cGRhdGUiOjYwMDAwMDAwMDAwMH19",
          "dependencies": [
            "module.instances.aws_instance.auth",
            "module.instances.aws_instance.heating",
            "module.instances.aws_instance.lighting",
            "module.instances.aws_instance.status",
            "module.instances.data.aws_ami.ubuntu",
            "module.security.aws_security_group.allow_egress",
            "module.security.aws_security_group.allow_ingress",
            "module.security.aws_security_group.allow_internal_ingress",
            "module.security.aws_security_group.allow_ssh",
            "module.vpc.aws_subnet.private",
            "module.vpc.aws_subnet.public",
            "module.vpc.aws_vpc.main"
          ]
        }
      ]
    },
    {
      "module": "module.external_load_balancer",
      "mode": "managed",
      "type": "aws_lb_listener",
      "name": "listener",
      "provider": "provider[\"registry.terraform.io/hashicorp/aws\"]",
      "instances": [
        {
          "schema_version": 0,
          "attributes": {
            "alpn_policy": null,
            "arn": "arn:aws:elasticloadbalancing:eu-west-2:637423603362:listener/app/terraform-project-public-lb/6cd95f5807723f8f/52098255dcd62bae",
            "certificate_arn": null,
            "default_action": [
              {
                "authenticate_cognito": [],
                "authenticate_oidc": [],
                "fixed_response": [
                  {
                    "content_type": "text/plain",
                    "message_body": "Endpoint not found.",
                    "status_code": "404"
                  }
                ],
                "forward": [],
                "order": 1,
                "redirect": [],
                "target_group_arn": "",
                "type": "fixed-response"
              }
            ],
            "id": "arn:aws:elasticloadbalancing:eu-west-2:637423603362:listener/app/terraform-project-public-lb/6cd95f5807723f8f/52098255dcd62bae",
            "load_balancer_arn": "arn:aws:elasticloadbalancing:eu-west-2:637423603362:loadbalancer/app/terraform-project-public-lb/6cd95f5807723f8f",
            "port": 80,
            "protocol": "HTTP",
            "ssl_policy": "",
            "tags": {},
            "tags_all": {},
            "timeouts": null
          },
          "sensitive_attributes": [],
          "private": "eyJlMmJmYjczMC1lY2FhLTExZTYtOGY4OC0zNDM2M2JjN2M0YzAiOnsicmVhZCI6NjAwMDAwMDAwMDAwfX0=",
          "dependencies": [
            "module.external_load_balancer.aws_lb.load_balancer",
            "module.instances.aws_instance.auth",
            "module.instances.aws_instance.heating",
            "module.instances.aws_instance.lighting",
            "module.instances.aws_instance.status",
            "module.instances.data.aws_ami.ubuntu",
            "module.security.aws_security_group.allow_egress",
            "module.security.aws_security_group.allow_ingress",
            "module.security.aws_security_group.allow_internal_ingress",
            "module.security.aws_security_group.allow_ssh",
            "module.vpc.aws_subnet.private",
            "module.vpc.aws_subnet.public",
            "module.vpc.aws_vpc.main"
          ]
        }
      ]
    },
    {
      "module": "module.external_load_balancer",
      "mode": "managed",
      "type": "aws_lb_listener_rule",
      "name": "app_rule",
      "provider": "provider[\"registry.terraform.io/hashicorp/aws\"]",
      "instances": [
        {
          "index_key": 0,
          "schema_version": 0,
          "attributes": {
            "action": [
              {
                "authenticate_cognito": [],
                "authenticate_oidc": [],
                "fixed_response": [],
                "forward": [],
                "order": 1,
                "redirect": [],
                "target_group_arn": "arn:aws:elasticloadbalancing:eu-west-2:637423603362:targetgroup/terraform-project-public-tg0/9c2e4547653ce762",
                "type": "forward"
              }
            ],
            "arn": "arn:aws:elasticloadbalancing:eu-west-2:637423603362:listener-rule/app/terraform-project-public-lb/6cd95f5807723f8f/52098255dcd62bae/c81af9a268129684",
            "condition": [
              {
                "host_header": [],
                "http_header": [],
                "http_request_method": [],
                "path_pattern": [
                  {
                    "values": [
                      "/api/lights*"
                    ]
                  }
                ],
                "query_string": [],
                "source_ip": []
              }
            ],
            "id": "arn:aws:elasticloadbalancing:eu-west-2:637423603362:listener-rule/app/terraform-project-public-lb/6cd95f5807723f8f/52098255dcd62bae/c81af9a268129684",
            "listener_arn": "arn:aws:elasticloadbalancing:eu-west-2:637423603362:listener/app/terraform-project-public-lb/6cd95f5807723f8f/52098255dcd62bae",
            "priority": 2,
            "tags": {},
            "tags_all": {}
          },
          "sensitive_attributes": [],
          "private": "bnVsbA==",
          "dependencies": [
            "module.external_load_balancer.aws_lb.load_balancer",
            "module.external_load_balancer.aws_lb_listener.listener",
            "module.external_load_balancer.aws_lb_target_group.target",
            "module.instances.aws_instance.auth",
            "module.instances.aws_instance.heating",
            "module.instances.aws_instance.lighting",
            "module.instances.aws_instance.status",
            "module.instances.data.aws_ami.ubuntu",
            "module.security.aws_security_group.allow_egress",
            "module.security.aws_security_group.allow_ingress",
            "module.security.aws_security_group.allow_internal_ingress",
            "module.security.aws_security_group.allow_ssh",
            "module.vpc.aws_subnet.private",
            "module.vpc.aws_subnet.public",
            "module.vpc.aws_vpc.main"
          ]
        },
        {
          "index_key": 1,
          "schema_version": 0,
          "attributes": {
            "action": [
              {
                "authenticate_cognito": [],
                "authenticate_oidc": [],
                "fixed_response": [],
                "forward": [],
                "order": 1,
                "redirect": [],
                "target_group_arn": "arn:aws:elasticloadbalancing:eu-west-2:637423603362:targetgroup/terraform-project-public-tg1/fc33f06e506fabc4",
                "type": "forward"
              }
            ],
            "arn": "arn:aws:elasticloadbalancing:eu-west-2:637423603362:listener-rule/app/terraform-project-public-lb/6cd95f5807723f8f/52098255dcd62bae/91ce1cdb72456df2",
            "condition": [
              {
                "host_header": [],
                "http_header": [],
                "http_request_method": [],
                "path_pattern": [
                  {
                    "values": [
                      "/api/heating*"
                    ]
                  }
                ],
                "query_string": [],
                "source_ip": []
              }
            ],
            "id": "arn:aws:elasticloadbalancing:eu-west-2:637423603362:listener-rule/app/terraform-project-public-lb/6cd95f5807723f8f/52098255dcd62bae/91ce1cdb72456df2",
            "listener_arn": "arn:aws:elasticloadbalancing:eu-west-2:637423603362:listener/app/terraform-project-public-lb/6cd95f5807723f8f/52098255dcd62bae",
            "priority": 3,
            "tags": {},
            "tags_all": {}
          },
          "sensitive_attributes": [],
          "private": "bnVsbA==",
          "dependencies": [
            "module.external_load_balancer.aws_lb.load_balancer",
            "module.external_load_balancer.aws_lb_listener.listener",
            "module.external_load_balancer.aws_lb_target_group.target",
            "module.instances.aws_instance.auth",
            "module.instances.aws_instance.heating",
            "module.instances.aws_instance.lighting",
            "module.instances.aws_instance.status",
            "module.instances.data.aws_ami.ubuntu",
            "module.security.aws_security_group.allow_egress",
            "module.security.aws_security_group.allow_ingress",
            "module.security.aws_security_group.allow_internal_ingress",
            "module.security.aws_security_group.allow_ssh",
            "module.vpc.aws_subnet.private",
            "module.vpc.aws_subnet.public",
            "module.vpc.aws_vpc.main"
          ]
        },
        {
          "index_key": 2,
          "schema_version": 0,
          "attributes": {
            "action": [
              {
                "authenticate_cognito": [],
                "authenticate_oidc": [],
                "fixed_response": [],
                "forward": [],
                "order": 1,
                "redirect": [],
                "target_group_arn": "arn:aws:elasticloadbalancing:eu-west-2:637423603362:targetgroup/terraform-project-public-tg2/f0d4e624f88f36fe",
                "type": "forward"
              }
            ],
            "arn": "arn:aws:elasticloadbalancing:eu-west-2:637423603362:listener-rule/app/terraform-project-public-lb/6cd95f5807723f8f/52098255dcd62bae/d9231fd8903888b9",
            "condition": [
              {
                "host_header": [],
                "http_header": [],
                "http_request_method": [],
                "path_pattern": [
                  {
                    "values": [
                      "/api/status*"
                    ]
                  }
                ],
                "query_string": [],
                "source_ip": []
              }
            ],
            "id": "arn:aws:elasticloadbalancing:eu-west-2:637423603362:listener-rule/app/terraform-project-public-lb/6cd95f5807723f8f/52098255dcd62bae/d9231fd8903888b9",
            "listener_arn": "arn:aws:elasticloadbalancing:eu-west-2:637423603362:listener/app/terraform-project-public-lb/6cd95f5807723f8f/52098255dcd62bae",
            "priority": 1,
            "tags": {},
            "tags_all": {}
          },
          "sensitive_attributes": [],
          "private": "bnVsbA==",
          "dependencies": [
            "module.external_load_balancer.aws_lb.load_balancer",
            "module.external_load_balancer.aws_lb_listener.listener",
            "module.external_load_balancer.aws_lb_target_group.target",
            "module.instances.aws_instance.auth",
            "module.instances.aws_instance.heating",
            "module.instances.aws_instance.lighting",
            "module.instances.aws_instance.status",
            "module.instances.data.aws_ami.ubuntu",
            "module.security.aws_security_group.allow_egress",
            "module.security.aws_security_group.allow_ingress",
            "module.security.aws_security_group.allow_internal_ingress",
            "module.security.aws_security_group.allow_ssh",
            "module.vpc.aws_subnet.private",
            "module.vpc.aws_subnet.public",
            "module.vpc.aws_vpc.main"
          ]
        }
      ]
    },
    {
      "module": "module.external_load_balancer",
      "mode": "managed",
      "type": "aws_lb_target_group",
      "name": "target",
      "provider": "provider[\"registry.terraform.io/hashicorp/aws\"]",
      "instances": [
        {
          "index_key": 0,
          "schema_version": 0,
          "attributes": {
            "arn": "arn:aws:elasticloadbalancing:eu-west-2:637423603362:targetgroup/terraform-project-public-tg0/9c2e4547653ce762",
            "arn_suffix": "targetgroup/terraform-project-public-tg0/9c2e4547653ce762",
            "connection_termination": false,
            "deregistration_delay": "300",
            "health_check": [
              {
                "enabled": true,
                "healthy_threshold": 3,
                "interval": 30,
                "matcher": "200",
                "path": "/api/lights/health",
                "port": "traffic-port",
                "protocol": "HTTP",
                "timeout": 5,
                "unhealthy_threshold": 3
              }
            ],
            "id": "arn:aws:elasticloadbalancing:eu-west-2:637423603362:targetgroup/terraform-project-public-tg0/9c2e4547653ce762",
            "ip_address_type": "ipv4",
            "lambda_multi_value_headers_enabled": false,
            "load_balancing_algorithm_type": "round_robin",
            "load_balancing_cross_zone_enabled": "use_load_balancer_configuration",
            "name": "terraform-project-public-tg0",
            "name_prefix": "",
            "port": 3000,
            "preserve_client_ip": null,
            "protocol": "HTTP",
            "protocol_version": "HTTP1",
            "proxy_protocol_v2": false,
            "slow_start": 0,
            "stickiness": [
              {
                "cookie_duration": 86400,
                "cookie_name": "",
                "enabled": false,
                "type": "lb_cookie"
              }
            ],
            "tags": {},
            "tags_all": {},
            "target_failover": [
              {
                "on_deregistration": null,
                "on_unhealthy": null
              }
            ],
            "target_type": "instance",
            "vpc_id": "vpc-041c26637b16b8be9"
          },
          "sensitive_attributes": [],
          "private": "bnVsbA==",
          "dependencies": [
            "module.instances.aws_instance.auth",
            "module.instances.aws_instance.heating",
            "module.instances.aws_instance.lighting",
            "module.instances.aws_instance.status",
            "module.instances.data.aws_ami.ubuntu",
            "module.security.aws_security_group.allow_egress",
            "module.security.aws_security_group.allow_ingress",
            "module.security.aws_security_group.allow_internal_ingress",
            "module.security.aws_security_group.allow_ssh",
            "module.vpc.aws_subnet.private",
            "module.vpc.aws_subnet.public",
            "module.vpc.aws_vpc.main"
          ]
        },
        {
          "index_key": 1,
          "schema_version": 0,
          "attributes": {
            "arn": "arn:aws:elasticloadbalancing:eu-west-2:637423603362:targetgroup/terraform-project-public-tg1/fc33f06e506fabc4",
            "arn_suffix": "targetgroup/terraform-project-public-tg1/fc33f06e506fabc4",
            "connection_termination": false,
            "deregistration_delay": "300",
            "health_check": [
              {
                "enabled": true,
                "healthy_threshold": 3,
                "interval": 30,
                "matcher": "200",
                "path": "/api/heating/health",
                "port": "traffic-port",
                "protocol": "HTTP",
                "timeout": 5,
                "unhealthy_threshold": 3
              }
            ],
            "id": "arn:aws:elasticloadbalancing:eu-west-2:637423603362:targetgroup/terraform-project-public-tg1/fc33f06e506fabc4",
            "ip_address_type": "ipv4",
            "lambda_multi_value_headers_enabled": false,
            "load_balancing_algorithm_type": "round_robin",
            "load_balancing_cross_zone_enabled": "use_load_balancer_configuration",
            "name": "terraform-project-public-tg1",
            "name_prefix": "",
            "port": 3000,
            "preserve_client_ip": null,
            "protocol": "HTTP",
            "protocol_version": "HTTP1",
            "proxy_protocol_v2": false,
            "slow_start": 0,
            "stickiness": [
              {
                "cookie_duration": 86400,
                "cookie_name": "",
                "enabled": false,
                "type": "lb_cookie"
              }
            ],
            "tags": {},
            "tags_all": {},
            "target_failover": [
              {
                "on_deregistration": null,
                "on_unhealthy": null
              }
            ],
            "target_type": "instance",
            "vpc_id": "vpc-041c26637b16b8be9"
          },
          "sensitive_attributes": [],
          "private": "bnVsbA==",
          "dependencies": [
            "module.instances.aws_instance.auth",
            "module.instances.aws_instance.heating",
            "module.instances.aws_instance.lighting",
            "module.instances.aws_instance.status",
            "module.instances.data.aws_ami.ubuntu",
            "module.security.aws_security_group.allow_egress",
            "module.security.aws_security_group.allow_ingress",
            "module.security.aws_security_group.allow_internal_ingress",
            "module.security.aws_security_group.allow_ssh",
            "module.vpc.aws_subnet.private",
            "module.vpc.aws_subnet.public",
            "module.vpc.aws_vpc.main"
          ]
        },
        {
          "index_key": 2,
          "schema_version": 0,
          "attributes": {
            "arn": "arn:aws:elasticloadbalancing:eu-west-2:637423603362:targetgroup/terraform-project-public-tg2/f0d4e624f88f36fe",
            "arn_suffix": "targetgroup/terraform-project-public-tg2/f0d4e624f88f36fe",
            "connection_termination": false,
            "deregistration_delay": "300",
            "health_check": [
              {
                "enabled": true,
                "healthy_threshold": 3,
                "interval": 30,
                "matcher": "200",
                "path": "/api/status/health",
                "port": "traffic-port",
                "protocol": "HTTP",
                "timeout": 5,
                "unhealthy_threshold": 3
              }
            ],
            "id": "arn:aws:elasticloadbalancing:eu-west-2:637423603362:targetgroup/terraform-project-public-tg2/f0d4e624f88f36fe",
            "ip_address_type": "ipv4",
            "lambda_multi_value_headers_enabled": false,
            "load_balancing_algorithm_type": "round_robin",
            "load_balancing_cross_zone_enabled": "use_load_balancer_configuration",
            "name": "terraform-project-public-tg2",
            "name_prefix": "",
            "port": 3000,
            "preserve_client_ip": null,
            "protocol": "HTTP",
            "protocol_version": "HTTP1",
            "proxy_protocol_v2": false,
            "slow_start": 0,
            "stickiness": [
              {
                "cookie_duration": 86400,
                "cookie_name": "",
                "enabled": false,
                "type": "lb_cookie"
              }
            ],
            "tags": {},
            "tags_all": {},
            "target_failover": [
              {
                "on_deregistration": null,
                "on_unhealthy": null
              }
            ],
            "target_type": "instance",
            "vpc_id": "vpc-041c26637b16b8be9"
          },
          "sensitive_attributes": [],
          "private": "bnVsbA==",
          "dependencies": [
            "module.instances.aws_instance.auth",
            "module.instances.aws_instance.heating",
            "module.instances.aws_instance.lighting",
            "module.instances.aws_instance.status",
            "module.instances.data.aws_ami.ubuntu",
            "module.security.aws_security_group.allow_egress",
            "module.security.aws_security_group.allow_ingress",
            "module.security.aws_security_group.allow_internal_ingress",
            "module.security.aws_security_group.allow_ssh",
            "module.vpc.aws_subnet.private",
            "module.vpc.aws_subnet.public",
            "module.vpc.aws_vpc.main"
          ]
        }
      ]
    },
    {
      "module": "module.external_load_balancer",
      "mode": "managed",
      "type": "aws_lb_target_group_attachment",
      "name": "tg_attachment",
      "provider": "provider[\"registry.terraform.io/hashicorp/aws\"]",
      "instances": [
        {
          "index_key": 0,
          "schema_version": 0,
          "attributes": {
            "availability_zone": null,
            "id": "arn:aws:elasticloadbalancing:eu-west-2:637423603362:targetgroup/terraform-project-public-tg0/9c2e4547653ce762-20240306084126762600000008",
            "port": null,
            "target_group_arn": "arn:aws:elasticloadbalancing:eu-west-2:637423603362:targetgroup/terraform-project-public-tg0/9c2e4547653ce762",
            "target_id": "i-0dcdef8f5caca4bdf"
          },
          "sensitive_attributes": [],
          "private": "bnVsbA==",
          "dependencies": [
            "module.external_load_balancer.aws_lb_target_group.target",
            "module.instances.aws_instance.auth",
            "module.instances.aws_instance.heating",
            "module.instances.aws_instance.lighting",
            "module.instances.aws_instance.status",
            "module.instances.data.aws_ami.ubuntu",
            "module.security.aws_security_group.allow_egress",
            "module.security.aws_security_group.allow_ingress",
            "module.security.aws_security_group.allow_internal_ingress",
            "module.security.aws_security_group.allow_ssh",
            "module.vpc.aws_subnet.private",
            "module.vpc.aws_subnet.public",
            "module.vpc.aws_vpc.main"
          ]
        },
        {
          "index_key": 1,
          "schema_version": 0,
          "attributes": {
            "availability_zone": null,
            "id": "arn:aws:elasticloadbalancing:eu-west-2:637423603362:targetgroup/terraform-project-public-tg1/fc33f06e506fabc4-20240306084126684200000006",
            "port": null,
            "target_group_arn": "arn:aws:elasticloadbalancing:eu-west-2:637423603362:targetgroup/terraform-project-public-tg1/fc33f06e506fabc4",
            "target_id": "i-0d1433440018b2091"
          },
          "sensitive_attributes": [],
          "private": "bnVsbA==",
          "dependencies": [
            "module.external_load_balancer.aws_lb_target_group.target",
            "module.instances.aws_instance.auth",
            "module.instances.aws_instance.heating",
            "module.instances.aws_instance.lighting",
            "module.instances.aws_instance.status",
            "module.instances.data.aws_ami.ubuntu",
            "module.security.aws_security_group.allow_egress",
            "module.security.aws_security_group.allow_ingress",
            "module.security.aws_security_group.allow_internal_ingress",
            "module.security.aws_security_group.allow_ssh",
            "module.vpc.aws_subnet.private",
            "module.vpc.aws_subnet.public",
            "module.vpc.aws_vpc.main"
          ]
        },
        {
          "index_key": 2,
          "schema_version": 0,
          "attributes": {
            "availability_zone": null,
            "id": "arn:aws:elasticloadbalancing:eu-west-2:637423603362:targetgroup/terraform-project-public-tg2/f0d4e624f88f36fe-20240306084126736200000007",
            "port": null,
            "target_group_arn": "arn:aws:elasticloadbalancing:eu-west-2:637423603362:targetgroup/terraform-project-public-tg2/f0d4e624f88f36fe",
            "target_id": "i-0b5f792b97a6d2d3b"
          },
          "sensitive_attributes": [],
          "private": "bnVsbA==",
          "dependencies": [
            "module.external_load_balancer.aws_lb_target_group.target",
            "module.instances.aws_instance.auth",
            "module.instances.aws_instance.heating",
            "module.instances.aws_instance.lighting",
            "module.instances.aws_instance.status",
            "module.instances.data.aws_ami.ubuntu",
            "module.security.aws_security_group.allow_egress",
            "module.security.aws_security_group.allow_ingress",
            "module.security.aws_security_group.allow_internal_ingress",
            "module.security.aws_security_group.allow_ssh",
            "module.vpc.aws_subnet.private",
            "module.vpc.aws_subnet.public",
            "module.vpc.aws_vpc.main"
          ]
        }
      ]
    },
    {
      "module": "module.heating_db",
      "mode": "managed",
      "type": "aws_dynamodb_table",
      "name": "simple_table",
      "provider": "provider[\"registry.terraform.io/hashicorp/aws\"]",
      "instances": [
        {
          "schema_version": 1,
          "attributes": {
            "arn": "arn:aws:dynamodb:eu-west-2:637423603362:table/heating",
            "attribute": [
              {
                "name": "id",
                "type": "N"
              }
            ],
            "billing_mode": "PAY_PER_REQUEST",
            "deletion_protection_enabled": false,
            "global_secondary_index": [],
            "hash_key": "id",
            "id": "heating",
            "import_table": [],
            "local_secondary_index": [],
            "name": "heating",
            "point_in_time_recovery": [
              {
                "enabled": false
              }
            ],
            "range_key": null,
            "read_capacity": 0,
            "replica": [],
            "restore_date_time": null,
            "restore_source_name": null,
            "restore_to_latest_time": null,
            "server_side_encryption": [],
            "stream_arn": "",
            "stream_enabled": false,
            "stream_label": "",
            "stream_view_type": "",
            "table_class": "STANDARD",
            "tags": {},
            "tags_all": {},
            "timeouts": null,
            "ttl": [
              {
                "attribute_name": "",
                "enabled": false
              }
            ],
            "write_capacity": 0
          },
          "sensitive_attributes": [],
          "private": "eyJlMmJmYjczMC1lY2FhLTExZTYtOGY4OC0zNDM2M2JjN2M0YzAiOnsiY3JlYXRlIjoxODAwMDAwMDAwMDAwLCJkZWxldGUiOjYwMDAwMDAwMDAwMCwidXBkYXRlIjozNjAwMDAwMDAwMDAwfSwic2NoZW1hX3ZlcnNpb24iOiIxIn0="
        }
      ]
    },
    {
      "module": "module.instances",
      "mode": "data",
      "type": "aws_ami",
      "name": "ubuntu",
      "provider": "provider[\"registry.terraform.io/hashicorp/aws\"]",
      "instances": [
        {
          "schema_version": 0,
          "attributes": {
            "architecture": "x86_64",
            "arn": "arn:aws:ec2:eu-west-2::image/ami-0474b5bfa31bac5a7",
            "block_device_mappings": [
              {
                "device_name": "/dev/sda1",
                "ebs": {
                  "delete_on_termination": "true",
                  "encrypted": "false",
                  "iops": "0",
                  "snapshot_id": "snap-0cee3f9370622b6bb",
                  "throughput": "0",
                  "volume_size": "8",
                  "volume_type": "gp2"
                },
                "no_device": "",
                "virtual_name": ""
              },
              {
                "device_name": "/dev/sdb",
                "ebs": {},
                "no_device": "",
                "virtual_name": "ephemeral0"
              },
              {
                "device_name": "/dev/sdc",
                "ebs": {},
                "no_device": "",
                "virtual_name": "ephemeral1"
              }
            ],
            "boot_mode": "legacy-bios",
            "creation_date": "2024-02-29T22:43:21.000Z",
            "deprecation_time": "2026-02-28T22:43:21.000Z",
            "description": "Canonical, Ubuntu, 20.04 LTS, amd64 focal image build on 2024-02-29",
            "ena_support": true,
            "executable_users": null,
            "filter": [
              {
                "name": "name",
                "values": [
                  "ubuntu/images/hvm-ssd/ubuntu-focal-20.04-amd64-server-*"
                ]
              },
              {
                "name": "virtualization-type",
                "values": [
                  "hvm"
                ]
              }
            ],
            "hypervisor": "xen",
            "id": "ami-0474b5bfa31bac5a7",
            "image_id": "ami-0474b5bfa31bac5a7",
            "image_location": "amazon/ubuntu/images/hvm-ssd/ubuntu-focal-20.04-amd64-server-20240229",
            "image_owner_alias": "amazon",
            "image_type": "machine",
            "imds_support": "",
            "include_deprecated": false,
            "kernel_id": "",
            "most_recent": true,
            "name": "ubuntu/images/hvm-ssd/ubuntu-focal-20.04-amd64-server-20240229",
            "name_regex": null,
            "owner_id": "099720109477",
            "owners": [
              "099720109477"
            ],
            "platform": "",
            "platform_details": "Linux/UNIX",
            "product_codes": [],
            "public": true,
            "ramdisk_id": "",
            "root_device_name": "/dev/sda1",
            "root_device_type": "ebs",
            "root_snapshot_id": "snap-0cee3f9370622b6bb",
            "sriov_net_support": "simple",
            "state": "available",
            "state_reason": {
              "code": "UNSET",
              "message": "UNSET"
            },
            "tags": {},
            "timeouts": null,
            "tpm_support": "",
            "usage_operation": "RunInstances",
            "virtualization_type": "hvm"
          },
          "sensitive_attributes": []
        }
      ]
    },
    {
      "module": "module.instances",
      "mode": "managed",
      "type": "aws_instance",
      "name": "auth",
      "provider": "provider[\"registry.terraform.io/hashicorp/aws\"]",
      "instances": [
        {
          "schema_version": 1,
          "attributes": {
            "ami": "ami-057091ae288dc4538",
            "arn": "arn:aws:ec2:eu-west-2:637423603362:instance/i-096ac603793c34915",
            "associate_public_ip_address": false,
            "availability_zone": "eu-west-2a",
            "capacity_reservation_specification": [
              {
                "capacity_reservation_preference": "open",
                "capacity_reservation_target": []
              }
            ],
            "cpu_core_count": 1,
            "cpu_options": [
              {
                "amd_sev_snp": "",
                "core_count": 1,
                "threads_per_core": 1
              }
            ],
            "cpu_threads_per_core": 1,
            "credit_specification": [
              {
                "cpu_credits": "standard"
              }
            ],
            "disable_api_stop": false,
            "disable_api_termination": false,
            "ebs_block_device": [],
            "ebs_optimized": false,
            "enclave_options": [
              {
                "enabled": false
              }
            ],
            "ephemeral_block_device": [],
            "get_password_data": false,
            "hibernation": false,
            "host_id": "",
            "host_resource_group_arn": null,
            "iam_instance_profile": "",
            "id": "i-096ac603793c34915",
            "instance_initiated_shutdown_behavior": "stop",
            "instance_lifecycle": "",
            "instance_market_options": [],
            "instance_state": "running",
            "instance_type": "t2.micro",
            "ipv6_address_count": 0,
            "ipv6_addresses": [],
            "key_name": "project-key",
            "launch_template": [],
            "maintenance_options": [
              {
                "auto_recovery": "default"
              }
            ],
            "metadata_options": [
              {
                "http_endpoint": "enabled",
                "http_protocol_ipv6": "disabled",
                "http_put_response_hop_limit": 1,
                "http_tokens": "optional",
                "instance_metadata_tags": "disabled"
              }
            ],
            "monitoring": false,
            "network_interface": [],
            "outpost_arn": "",
            "password_data": "",
            "placement_group": "",
            "placement_partition_number": 0,
            "primary_network_interface_id": "eni-0c5f1a89ca8a6351a",
            "private_dns": "ip-10-0-1-56.eu-west-2.compute.internal",
            "private_dns_name_options": [
              {
                "enable_resource_name_dns_a_record": false,
                "enable_resource_name_dns_aaaa_record": false,
                "hostname_type": "ip-name"
              }
            ],
            "private_ip": "10.0.1.56",
            "public_dns": "",
            "public_ip": "",
            "root_block_device": [
              {
                "delete_on_termination": true,
                "device_name": "/dev/sda1",
                "encrypted": false,
                "iops": 100,
                "kms_key_id": "",
                "tags": {},
                "throughput": 0,
                "volume_id": "vol-02771aa3431998ad6",
                "volume_size": 8,
                "volume_type": "gp2"
              }
            ],
            "secondary_private_ips": [],
            "security_groups": [],
            "source_dest_check": true,
            "spot_instance_request_id": "",
            "subnet_id": "subnet-0924a3fc671d7d5da",
            "tags": {
              "Name": "auth-server"
            },
            "tags_all": {
              "Name": "auth-server"
            },
            "tenancy": "default",
            "timeouts": null,
            "user_data": null,
            "user_data_base64": null,
            "user_data_replace_on_change": false,
            "volume_tags": null,
            "vpc_security_group_ids": [
              "sg-07cafb63abd17b38c",
              "sg-0d9ee6989d2c9daf0",
              "sg-0e2975d5353cf092b"
            ]
          },
          "sensitive_attributes": [],
          "private": "eyJlMmJmYjczMC1lY2FhLTExZTYtOGY4OC0zNDM2M2JjN2M0YzAiOnsiY3JlYXRlIjo2MDAwMDAwMDAwMDAsImRlbGV0ZSI6MTIwMDAwMDAwMDAwMCwidXBkYXRlIjo2MDAwMDAwMDAwMDB9LCJzY2hlbWFfdmVyc2lvbiI6IjEifQ==",
          "dependencies": [
            "module.instances.data.aws_ami.ubuntu",
            "module.security.aws_security_group.allow_egress",
            "module.security.aws_security_group.allow_internal_ingress",
            "module.security.aws_security_group.allow_ssh",
            "module.vpc.aws_subnet.private",
            "module.vpc.aws_vpc.main"
          ]
        }
      ]
    },
    {
      "module": "module.instances",
      "mode": "managed",
      "type": "aws_instance",
      "name": "heating",
      "provider": "provider[\"registry.terraform.io/hashicorp/aws\"]",
      "instances": [
        {
          "schema_version": 1,
          "attributes": {
            "ami": "ami-0eb7e8f50cc7a8f56",
            "arn": "arn:aws:ec2:eu-west-2:637423603362:instance/i-0d1433440018b2091",
            "associate_public_ip_address": true,
            "availability_zone": "eu-west-2b",
            "capacity_reservation_specification": [
              {
                "capacity_reservation_preference": "open",
                "capacity_reservation_target": []
              }
            ],
            "cpu_core_count": 1,
            "cpu_options": [
              {
                "amd_sev_snp": "",
                "core_count": 1,
                "threads_per_core": 1
              }
            ],
            "cpu_threads_per_core": 1,
            "credit_specification": [
              {
                "cpu_credits": "standard"
              }
            ],
            "disable_api_stop": false,
            "disable_api_termination": false,
            "ebs_block_device": [],
            "ebs_optimized": false,
            "enclave_options": [
              {
                "enabled": false
              }
            ],
            "ephemeral_block_device": [],
            "get_password_data": false,
            "hibernation": false,
            "host_id": "",
            "host_resource_group_arn": null,
            "iam_instance_profile": "",
            "id": "i-0d1433440018b2091",
            "instance_initiated_shutdown_behavior": "stop",
            "instance_lifecycle": "",
            "instance_market_options": [],
            "instance_state": "running",
            "instance_type": "t2.micro",
            "ipv6_address_count": 0,
            "ipv6_addresses": [],
            "key_name": "project-key",
            "launch_template": [],
            "maintenance_options": [
              {
                "auto_recovery": "default"
              }
            ],
            "metadata_options": [
              {
                "http_endpoint": "enabled",
                "http_protocol_ipv6": "disabled",
                "http_put_response_hop_limit": 1,
                "http_tokens": "optional",
                "instance_metadata_tags": "disabled"
              }
            ],
            "monitoring": false,
            "network_interface": [],
            "outpost_arn": "",
            "password_data": "",
            "placement_group": "",
            "placement_partition_number": 0,
            "primary_network_interface_id": "eni-0a9a95904d836aac3",
            "private_dns": "ip-10-0-102-171.eu-west-2.compute.internal",
            "private_dns_name_options": [
              {
                "enable_resource_name_dns_a_record": false,
                "enable_resource_name_dns_aaaa_record": false,
                "hostname_type": "ip-name"
              }
            ],
            "private_ip": "10.0.102.171",
            "public_dns": "ec2-3-8-153-70.eu-west-2.compute.amazonaws.com",
            "public_ip": "3.8.153.70",
            "root_block_device": [
              {
                "delete_on_termination": true,
                "device_name": "/dev/sda1",
                "encrypted": false,
                "iops": 100,
                "kms_key_id": "",
                "tags": {},
                "throughput": 0,
                "volume_id": "vol-03372148f346cdb03",
                "volume_size": 8,
                "volume_type": "gp2"
              }
            ],
            "secondary_private_ips": [],
            "security_groups": [],
            "source_dest_check": true,
            "spot_instance_request_id": "",
            "subnet_id": "subnet-0f47f785210ba5ee1",
            "tags": {
              "Name": "heating-server"
            },
            "tags_all": {
              "Name": "heating-server"
            },
            "tenancy": "default",
            "timeouts": null,
            "user_data": null,
            "user_data_base64": null,
            "user_data_replace_on_change": false,
            "volume_tags": null,
            "vpc_security_group_ids": [
              "sg-07cafb63abd17b38c",
              "sg-0a6c2f8a819db3d34",
              "sg-0d9ee6989d2c9daf0",
              "sg-0e2975d5353cf092b"
            ]
          },
          "sensitive_attributes": [],
          "private": "eyJlMmJmYjczMC1lY2FhLTExZTYtOGY4OC0zNDM2M2JjN2M0YzAiOnsiY3JlYXRlIjo2MDAwMDAwMDAwMDAsImRlbGV0ZSI6MTIwMDAwMDAwMDAwMCwidXBkYXRlIjo2MDAwMDAwMDAwMDB9LCJzY2hlbWFfdmVyc2lvbiI6IjEifQ==",
          "dependencies": [
            "module.instances.data.aws_ami.ubuntu",
            "module.security.aws_security_group.allow_egress",
            "module.security.aws_security_group.allow_ingress",
            "module.security.aws_security_group.allow_internal_ingress",
            "module.security.aws_security_group.allow_ssh",
            "module.vpc.aws_subnet.public",
            "module.vpc.aws_vpc.main"
          ]
        }
      ]
    },
    {
      "module": "module.instances",
      "mode": "managed",
      "type": "aws_instance",
      "name": "lighting",
      "provider": "provider[\"registry.terraform.io/hashicorp/aws\"]",
      "instances": [
        {
          "schema_version": 1,
          "attributes": {
            "ami": "ami-019e5d8a0d6f44c75",
            "arn": "arn:aws:ec2:eu-west-2:637423603362:instance/i-0dcdef8f5caca4bdf",
            "associate_public_ip_address": true,
            "availability_zone": "eu-west-2a",
            "capacity_reservation_specification": [
              {
                "capacity_reservation_preference": "open",
                "capacity_reservation_target": []
              }
            ],
            "cpu_core_count": 1,
            "cpu_options": [
              {
                "amd_sev_snp": "",
                "core_count": 1,
                "threads_per_core": 1
              }
            ],
            "cpu_threads_per_core": 1,
            "credit_specification": [
              {
                "cpu_credits": "standard"
              }
            ],
            "disable_api_stop": false,
            "disable_api_termination": false,
            "ebs_block_device": [],
            "ebs_optimized": false,
            "enclave_options": [
              {
                "enabled": false
              }
            ],
            "ephemeral_block_device": [],
            "get_password_data": false,
            "hibernation": false,
            "host_id": "",
            "host_resource_group_arn": null,
            "iam_instance_profile": "",
            "id": "i-0dcdef8f5caca4bdf",
            "instance_initiated_shutdown_behavior": "stop",
            "instance_lifecycle": "",
            "instance_market_options": [],
            "instance_state": "running",
            "instance_type": "t2.micro",
            "ipv6_address_count": 0,
            "ipv6_addresses": [],
            "key_name": "project-key",
            "launch_template": [],
            "maintenance_options": [
              {
                "auto_recovery": "default"
              }
            ],
            "metadata_options": [
              {
                "http_endpoint": "enabled",
                "http_protocol_ipv6": "disabled",
                "http_put_response_hop_limit": 1,
                "http_tokens": "optional",
                "instance_metadata_tags": "disabled"
              }
            ],
            "monitoring": false,
            "network_interface": [],
            "outpost_arn": "",
            "password_data": "",
            "placement_group": "",
            "placement_partition_number": 0,
            "primary_network_interface_id": "eni-05bb23bbb4b19d441",
            "private_dns": "ip-10-0-101-80.eu-west-2.compute.internal",
            "private_dns_name_options": [
              {
                "enable_resource_name_dns_a_record": false,
                "enable_resource_name_dns_aaaa_record": false,
                "hostname_type": "ip-name"
              }
            ],
            "private_ip": "10.0.101.80",
            "public_dns": "ec2-13-40-54-216.eu-west-2.compute.amazonaws.com",
            "public_ip": "13.40.54.216",
            "root_block_device": [
              {
                "delete_on_termination": true,
                "device_name": "/dev/sda1",
                "encrypted": false,
                "iops": 100,
                "kms_key_id": "",
                "tags": {},
                "throughput": 0,
                "volume_id": "vol-07b109e338bed5fc2",
                "volume_size": 8,
                "volume_type": "gp2"
              }
            ],
            "secondary_private_ips": [],
            "security_groups": [],
            "source_dest_check": true,
            "spot_instance_request_id": "",
            "subnet_id": "subnet-09eef5cf97e5ba90d",
            "tags": {
              "Name": "lighting-server"
            },
            "tags_all": {
              "Name": "lighting-server"
            },
            "tenancy": "default",
            "timeouts": null,
            "user_data": null,
            "user_data_base64": null,
            "user_data_replace_on_change": false,
            "volume_tags": null,
            "vpc_security_group_ids": [
              "sg-07cafb63abd17b38c",
              "sg-0a6c2f8a819db3d34",
              "sg-0d9ee6989d2c9daf0",
              "sg-0e2975d5353cf092b"
            ]
          },
          "sensitive_attributes": [],
          "private": "eyJlMmJmYjczMC1lY2FhLTExZTYtOGY4OC0zNDM2M2JjN2M0YzAiOnsiY3JlYXRlIjo2MDAwMDAwMDAwMDAsImRlbGV0ZSI6MTIwMDAwMDAwMDAwMCwidXBkYXRlIjo2MDAwMDAwMDAwMDB9LCJzY2hlbWFfdmVyc2lvbiI6IjEifQ==",
          "dependencies": [
            "module.instances.data.aws_ami.ubuntu",
            "module.security.aws_security_group.allow_egress",
            "module.security.aws_security_group.allow_ingress",
            "module.security.aws_security_group.allow_internal_ingress",
            "module.security.aws_security_group.allow_ssh",
            "module.vpc.aws_subnet.public",
            "module.vpc.aws_vpc.main"
          ]
        }
      ]
    },
    {
      "module": "module.instances",
      "mode": "managed",
      "type": "aws_instance",
      "name": "status",
      "provider": "provider[\"registry.terraform.io/hashicorp/aws\"]",
      "instances": [
        {
          "schema_version": 1,
          "attributes": {
            "ami": "ami-02690a7d2a37ec16b",
            "arn": "arn:aws:ec2:eu-west-2:637423603362:instance/i-0b5f792b97a6d2d3b",
            "associate_public_ip_address": true,
            "availability_zone": "eu-west-2c",
            "capacity_reservation_specification": [
              {
                "capacity_reservation_preference": "open",
                "capacity_reservation_target": []
              }
            ],
            "cpu_core_count": 1,
            "cpu_options": [
              {
                "amd_sev_snp": "",
                "core_count": 1,
                "threads_per_core": 1
              }
            ],
            "cpu_threads_per_core": 1,
            "credit_specification": [
              {
                "cpu_credits": "standard"
              }
            ],
            "disable_api_stop": false,
            "disable_api_termination": false,
            "ebs_block_device": [],
            "ebs_optimized": false,
            "enclave_options": [
              {
                "enabled": false
              }
            ],
            "ephemeral_block_device": [],
            "get_password_data": false,
            "hibernation": false,
            "host_id": "",
            "host_resource_group_arn": null,
            "iam_instance_profile": "",
            "id": "i-0b5f792b97a6d2d3b",
            "instance_initiated_shutdown_behavior": "stop",
            "instance_lifecycle": "",
            "instance_market_options": [],
            "instance_state": "running",
            "instance_type": "t2.micro",
            "ipv6_address_count": 0,
            "ipv6_addresses": [],
            "key_name": "project-key",
            "launch_template": [],
            "maintenance_options": [
              {
                "auto_recovery": "default"
              }
            ],
            "metadata_options": [
              {
                "http_endpoint": "enabled",
                "http_protocol_ipv6": "disabled",
                "http_put_response_hop_limit": 1,
                "http_tokens": "optional",
                "instance_metadata_tags": "disabled"
              }
            ],
            "monitoring": false,
            "network_interface": [],
            "outpost_arn": "",
            "password_data": "",
            "placement_group": "",
            "placement_partition_number": 0,
            "primary_network_interface_id": "eni-01d94ebed9343b1ef",
            "private_dns": "ip-10-0-103-45.eu-west-2.compute.internal",
            "private_dns_name_options": [
              {
                "enable_resource_name_dns_a_record": false,
                "enable_resource_name_dns_aaaa_record": false,
                "hostname_type": "ip-name"
              }
            ],
            "private_ip": "10.0.103.45",
            "public_dns": "ec2-35-176-90-39.eu-west-2.compute.amazonaws.com",
            "public_ip": "35.176.90.39",
            "root_block_device": [
              {
                "delete_on_termination": true,
                "device_name": "/dev/sda1",
                "encrypted": false,
                "iops": 100,
                "kms_key_id": "",
                "tags": {},
                "throughput": 0,
                "volume_id": "vol-001a814ef4631415b",
                "volume_size": 8,
                "volume_type": "gp2"
              }
            ],
            "secondary_private_ips": [],
            "security_groups": [],
            "source_dest_check": true,
            "spot_instance_request_id": "",
            "subnet_id": "subnet-07a9d797b31bfaacb",
            "tags": {
              "Name": "status-server"
            },
            "tags_all": {
              "Name": "status-server"
            },
            "tenancy": "default",
            "timeouts": null,
            "user_data": null,
            "user_data_base64": null,
            "user_data_replace_on_change": false,
            "volume_tags": null,
            "vpc_security_group_ids": [
              "sg-07cafb63abd17b38c",
              "sg-0a6c2f8a819db3d34",
              "sg-0d9ee6989d2c9daf0",
              "sg-0e2975d5353cf092b"
            ]
          },
          "sensitive_attributes": [],
          "private": "eyJlMmJmYjczMC1lY2FhLTExZTYtOGY4OC0zNDM2M2JjN2M0YzAiOnsiY3JlYXRlIjo2MDAwMDAwMDAwMDAsImRlbGV0ZSI6MTIwMDAwMDAwMDAwMCwidXBkYXRlIjo2MDAwMDAwMDAwMDB9LCJzY2hlbWFfdmVyc2lvbiI6IjEifQ==",
          "dependencies": [
            "module.instances.data.aws_ami.ubuntu",
            "module.security.aws_security_group.allow_egress",
            "module.security.aws_security_group.allow_ingress",
            "module.security.aws_security_group.allow_internal_ingress",
            "module.security.aws_security_group.allow_ssh",
            "module.vpc.aws_subnet.public",
            "module.vpc.aws_vpc.main"
          ]
        }
      ]
    },
    {
      "module": "module.internal_load_balancer",
      "mode": "managed",
      "type": "aws_lb",
      "name": "load_balancer",
      "provider": "provider[\"registry.terraform.io/hashicorp/aws\"]",
      "instances": [
        {
          "schema_version": 0,
          "attributes": {
            "access_logs": [
              {
                "bucket": "",
                "enabled": false,
                "prefix": ""
              }
            ],
            "arn": "arn:aws:elasticloadbalancing:eu-west-2:637423603362:loadbalancer/app/terraform-project-private-lb/cd94713aff844aa2",
            "arn_suffix": "app/terraform-project-private-lb/cd94713aff844aa2",
            "customer_owned_ipv4_pool": "",
            "desync_mitigation_mode": "defensive",
            "dns_name": "internal-terraform-project-private-lb-1877295955.eu-west-2.elb.amazonaws.com",
            "drop_invalid_header_fields": false,
            "enable_cross_zone_load_balancing": true,
            "enable_deletion_protection": false,
            "enable_http2": true,
            "enable_tls_version_and_cipher_suite_headers": false,
            "enable_waf_fail_open": false,
            "enable_xff_client_port": false,
            "id": "arn:aws:elasticloadbalancing:eu-west-2:637423603362:loadbalancer/app/terraform-project-private-lb/cd94713aff844aa2",
            "idle_timeout": 60,
            "internal": true,
            "ip_address_type": "ipv4",
            "load_balancer_type": "application",
            "name": "terraform-project-private-lb",
            "name_prefix": "",
            "preserve_host_header": false,
            "security_groups": [
              "sg-0d9ee6989d2c9daf0",
              "sg-0e2975d5353cf092b"
            ],
            "subnet_mapping": [
              {
                "allocation_id": "",
                "ipv6_address": "",
                "outpost_id": "",
                "private_ipv4_address": "",
                "subnet_id": "subnet-0458540e7622ad04c"
              },
              {
                "allocation_id": "",
                "ipv6_address": "",
                "outpost_id": "",
                "private_ipv4_address": "",
                "subnet_id": "subnet-0924a3fc671d7d5da"
              },
              {
                "allocation_id": "",
                "ipv6_address": "",
                "outpost_id": "",
                "private_ipv4_address": "",
                "subnet_id": "subnet-0ac0b6b24a6dae3c5"
              }
            ],
            "subnets": [
              "subnet-0458540e7622ad04c",
              "subnet-0924a3fc671d7d5da",
              "subnet-0ac0b6b24a6dae3c5"
            ],
            "tags": {},
            "tags_all": {},
            "timeouts": null,
            "vpc_id": "vpc-041c26637b16b8be9",
            "xff_header_processing_mode": "append",
            "zone_id": "ZHURV8PSTC4K8"
          },
          "sensitive_attributes": [],
          "private": "eyJlMmJmYjczMC1lY2FhLTExZTYtOGY4OC0zNDM2M2JjN2M0YzAiOnsiY3JlYXRlIjo2MDAwMDAwMDAwMDAsImRlbGV0ZSI6NjAwMDAwMDAwMDAwLCJ1cGRhdGUiOjYwMDAwMDAwMDAwMH19",
          "dependencies": [
            "module.instances.aws_instance.auth",
            "module.instances.aws_instance.heating",
            "module.instances.aws_instance.lighting",
            "module.instances.aws_instance.status",
            "module.instances.data.aws_ami.ubuntu",
            "module.security.aws_security_group.allow_egress",
            "module.security.aws_security_group.allow_ingress",
            "module.security.aws_security_group.allow_internal_ingress",
            "module.security.aws_security_group.allow_ssh",
            "module.vpc.aws_subnet.private",
            "module.vpc.aws_subnet.public",
            "module.vpc.aws_vpc.main"
          ]
        }
      ]
    },
    {
      "module": "module.internal_load_balancer",
      "mode": "managed",
      "type": "aws_lb_listener",
      "name": "listener",
      "provider": "provider[\"registry.terraform.io/hashicorp/aws\"]",
      "instances": [
        {
          "schema_version": 0,
          "attributes": {
            "alpn_policy": null,
            "arn": "arn:aws:elasticloadbalancing:eu-west-2:637423603362:listener/app/terraform-project-private-lb/cd94713aff844aa2/615f24e7a589494f",
            "certificate_arn": null,
            "default_action": [
              {
                "authenticate_cognito": [],
                "authenticate_oidc": [],
                "fixed_response": [
                  {
                    "content_type": "text/plain",
                    "message_body": "Endpoint not found.",
                    "status_code": "404"
                  }
                ],
                "forward": [],
                "order": 1,
                "redirect": [],
                "target_group_arn": "",
                "type": "fixed-response"
              }
            ],
            "id": "arn:aws:elasticloadbalancing:eu-west-2:637423603362:listener/app/terraform-project-private-lb/cd94713aff844aa2/615f24e7a589494f",
            "load_balancer_arn": "arn:aws:elasticloadbalancing:eu-west-2:637423603362:loadbalancer/app/terraform-project-private-lb/cd94713aff844aa2",
            "port": 80,
            "protocol": "HTTP",
            "ssl_policy": "",
            "tags": {},
            "tags_all": {},
            "timeouts": null
          },
          "sensitive_attributes": [],
          "private": "eyJlMmJmYjczMC1lY2FhLTExZTYtOGY4OC0zNDM2M2JjN2M0YzAiOnsicmVhZCI6NjAwMDAwMDAwMDAwfX0=",
          "dependencies": [
            "module.instances.aws_instance.auth",
            "module.instances.aws_instance.heating",
            "module.instances.aws_instance.lighting",
            "module.instances.aws_instance.status",
            "module.instances.data.aws_ami.ubuntu",
            "module.internal_load_balancer.aws_lb.load_balancer",
            "module.security.aws_security_group.allow_egress",
            "module.security.aws_security_group.allow_ingress",
            "module.security.aws_security_group.allow_internal_ingress",
            "module.security.aws_security_group.allow_ssh",
            "module.vpc.aws_subnet.private",
            "module.vpc.aws_subnet.public",
            "module.vpc.aws_vpc.main"
          ]
        }
      ]
    },
    {
      "module": "module.internal_load_balancer",
      "mode": "managed",
      "type": "aws_lb_listener_rule",
      "name": "app_rule",
      "provider": "provider[\"registry.terraform.io/hashicorp/aws\"]",
      "instances": [
        {
          "index_key": 0,
          "schema_version": 0,
          "attributes": {
            "action": [
              {
                "authenticate_cognito": [],
                "authenticate_oidc": [],
                "fixed_response": [],
                "forward": [],
                "order": 1,
                "redirect": [],
                "target_group_arn": "arn:aws:elasticloadbalancing:eu-west-2:637423603362:targetgroup/terraform-project-private-tg0/2c7806e95cdcabc1",
                "type": "forward"
              }
            ],
            "arn": "arn:aws:elasticloadbalancing:eu-west-2:637423603362:listener-rule/app/terraform-project-private-lb/cd94713aff844aa2/615f24e7a589494f/26644ff19f2f9781",
            "condition": [
              {
                "host_header": [],
                "http_header": [],
                "http_request_method": [],
                "path_pattern": [
                  {
                    "values": [
                      "/api/auth*"
                    ]
                  }
                ],
                "query_string": [],
                "source_ip": []
              }
            ],
            "id": "arn:aws:elasticloadbalancing:eu-west-2:637423603362:listener-rule/app/terraform-project-private-lb/cd94713aff844aa2/615f24e7a589494f/26644ff19f2f9781",
            "listener_arn": "arn:aws:elasticloadbalancing:eu-west-2:637423603362:listener/app/terraform-project-private-lb/cd94713aff844aa2/615f24e7a589494f",
            "priority": 1,
            "tags": {},
            "tags_all": {}
          },
          "sensitive_attributes": [],
          "private": "bnVsbA==",
          "dependencies": [
            "module.instances.aws_instance.auth",
            "module.instances.aws_instance.heating",
            "module.instances.aws_instance.lighting",
            "module.instances.aws_instance.status",
            "module.instances.data.aws_ami.ubuntu",
            "module.internal_load_balancer.aws_lb.load_balancer",
            "module.internal_load_balancer.aws_lb_listener.listener",
            "module.internal_load_balancer.aws_lb_target_group.target",
            "module.security.aws_security_group.allow_egress",
            "module.security.aws_security_group.allow_ingress",
            "module.security.aws_security_group.allow_internal_ingress",
            "module.security.aws_security_group.allow_ssh",
            "module.vpc.aws_subnet.private",
            "module.vpc.aws_subnet.public",
            "module.vpc.aws_vpc.main"
          ]
        }
      ]
    },
    {
      "module": "module.internal_load_balancer",
      "mode": "managed",
      "type": "aws_lb_target_group",
      "name": "target",
      "provider": "provider[\"registry.terraform.io/hashicorp/aws\"]",
      "instances": [
        {
          "index_key": 0,
          "schema_version": 0,
          "attributes": {
            "arn": "arn:aws:elasticloadbalancing:eu-west-2:637423603362:targetgroup/terraform-project-private-tg0/2c7806e95cdcabc1",
            "arn_suffix": "targetgroup/terraform-project-private-tg0/2c7806e95cdcabc1",
            "connection_termination": false,
            "deregistration_delay": "300",
            "health_check": [
              {
                "enabled": true,
                "healthy_threshold": 3,
                "interval": 30,
                "matcher": "200",
                "path": "/api/auth",
                "port": "traffic-port",
                "protocol": "HTTP",
                "timeout": 5,
                "unhealthy_threshold": 3
              }
            ],
            "id": "arn:aws:elasticloadbalancing:eu-west-2:637423603362:targetgroup/terraform-project-private-tg0/2c7806e95cdcabc1",
            "ip_address_type": "ipv4",
            "lambda_multi_value_headers_enabled": false,
            "load_balancing_algorithm_type": "round_robin",
            "load_balancing_cross_zone_enabled": "use_load_balancer_configuration",
            "name": "terraform-project-private-tg0",
            "name_prefix": "",
            "port": 3000,
            "preserve_client_ip": null,
            "protocol": "HTTP",
            "protocol_version": "HTTP1",
            "proxy_protocol_v2": false,
            "slow_start": 0,
            "stickiness": [
              {
                "cookie_duration": 86400,
                "cookie_name": "",
                "enabled": false,
                "type": "lb_cookie"
              }
            ],
            "tags": {},
            "tags_all": {},
            "target_failover": [
              {
                "on_deregistration": null,
                "on_unhealthy": null
              }
            ],
            "target_type": "instance",
            "vpc_id": "vpc-041c26637b16b8be9"
          },
          "sensitive_attributes": [],
          "private": "bnVsbA==",
          "dependencies": [
            "module.instances.aws_instance.auth",
            "module.instances.aws_instance.heating",
            "module.instances.aws_instance.lighting",
            "module.instances.aws_instance.status",
            "module.instances.data.aws_ami.ubuntu",
            "module.security.aws_security_group.allow_egress",
            "module.security.aws_security_group.allow_ingress",
            "module.security.aws_security_group.allow_internal_ingress",
            "module.security.aws_security_group.allow_ssh",
            "module.vpc.aws_subnet.private",
            "module.vpc.aws_subnet.public",
            "module.vpc.aws_vpc.main"
          ]
        }
      ]
    },
    {
      "module": "module.internal_load_balancer",
      "mode": "managed",
      "type": "aws_lb_target_group_attachment",
      "name": "tg_attachment",
      "provider": "provider[\"registry.terraform.io/hashicorp/aws\"]",
      "instances": [
        {
          "index_key": 0,
          "schema_version": 0,
          "attributes": {
            "availability_zone": null,
            "id": "arn:aws:elasticloadbalancing:eu-west-2:637423603362:targetgroup/terraform-project-private-tg0/2c7806e95cdcabc1-20240306084126767400000009",
            "port": null,
            "target_group_arn": "arn:aws:elasticloadbalancing:eu-west-2:637423603362:targetgroup/terraform-project-private-tg0/2c7806e95cdcabc1",
            "target_id": "i-096ac603793c34915"
          },
          "sensitive_attributes": [],
          "private": "bnVsbA==",
          "dependencies": [
            "module.instances.aws_instance.auth",
            "module.instances.aws_instance.heating",
            "module.instances.aws_instance.lighting",
            "module.instances.aws_instance.status",
            "module.instances.data.aws_ami.ubuntu",
            "module.internal_load_balancer.aws_lb_target_group.target",
            "module.security.aws_security_group.allow_egress",
            "module.security.aws_security_group.allow_ingress",
            "module.security.aws_security_group.allow_internal_ingress",
            "module.security.aws_security_group.allow_ssh",
            "module.vpc.aws_subnet.private",
            "module.vpc.aws_subnet.public",
            "module.vpc.aws_vpc.main"
          ]
        }
      ]
    },
    {
      "module": "module.lighting_db",
      "mode": "managed",
      "type": "aws_dynamodb_table",
      "name": "simple_table",
      "provider": "provider[\"registry.terraform.io/hashicorp/aws\"]",
      "instances": [
        {
          "schema_version": 1,
          "attributes": {
            "arn": "arn:aws:dynamodb:eu-west-2:637423603362:table/lighting",
            "attribute": [
              {
                "name": "id",
                "type": "N"
              }
            ],
            "billing_mode": "PAY_PER_REQUEST",
            "deletion_protection_enabled": false,
            "global_secondary_index": [],
            "hash_key": "id",
            "id": "lighting",
            "import_table": [],
            "local_secondary_index": [],
            "name": "lighting",
            "point_in_time_recovery": [
              {
                "enabled": false
              }
            ],
            "range_key": null,
            "read_capacity": 0,
            "replica": [],
            "restore_date_time": null,
            "restore_source_name": null,
            "restore_to_latest_time": null,
            "server_side_encryption": [],
            "stream_arn": "",
            "stream_enabled": false,
            "stream_label": "",
            "stream_view_type": "",
            "table_class": "STANDARD",
            "tags": {},
            "tags_all": {},
            "timeouts": null,
            "ttl": [
              {
                "attribute_name": "",
                "enabled": false
              }
            ],
            "write_capacity": 0
          },
          "sensitive_attributes": [],
          "private": "eyJlMmJmYjczMC1lY2FhLTExZTYtOGY4OC0zNDM2M2JjN2M0YzAiOnsiY3JlYXRlIjoxODAwMDAwMDAwMDAwLCJkZWxldGUiOjYwMDAwMDAwMDAwMCwidXBkYXRlIjozNjAwMDAwMDAwMDAwfSwic2NoZW1hX3ZlcnNpb24iOiIxIn0="
        }
      ]
    },
    {
      "module": "module.security",
      "mode": "data",
      "type": "http",
      "name": "my_ip_address",
      "provider": "provider[\"registry.terraform.io/hashicorp/http\"]",
      "instances": [
        {
          "schema_version": 0,
          "attributes": {
            "body": "185.205.174.138\n",
            "ca_cert_pem": null,
            "id": "http://ipv4.icanhazip.com",
            "insecure": null,
            "method": null,
            "request_body": null,
            "request_headers": null,
            "request_timeout_ms": null,
            "response_body": "185.205.174.138\n",
            "response_body_base64": "MTg1LjIwNS4xNzQuMTM4Cg==",
            "response_headers": {
              "Access-Control-Allow-Methods": "GET",
              "Access-Control-Allow-Origin": "*",
              "Alt-Svc": "h3=\":443\"; ma=86400",
              "Cf-Ray": "86020b656c910762-MAN",
              "Connection": "keep-alive",
              "Content-Length": "16",
              "Content-Type": "text/plain",
              "Date": "Wed, 06 Mar 2024 11:35:49 GMT",
              "Server": "cloudflare",
              "Set-Cookie": "__cf_bm=AAxltlIOdfvv529Ngn.9zsSPOVvukTOJTCzJazkc02w-1709724949-1.0.1.1-R5agMoK.vCi4qMu2y_OvvFZ0NPWE1cnw.1RYL_vp5qGaj5bPKxerpy.JdmndL2I.yQ7p_OIlnU5eueYRw3b76w; path=/; expires=Wed, 06-Mar-24 12:05:49 GMT; domain=.icanhazip.com; HttpOnly; SameSite=None",
              "Vary": "Accept-Encoding"
            },
            "retry": null,
            "status_code": 200,
            "url": "http://ipv4.icanhazip.com"
          },
          "sensitive_attributes": []
        }
      ]
    },
    {
      "module": "module.security",
      "mode": "managed",
      "type": "aws_security_group",
      "name": "allow_egress",
      "provider": "provider[\"registry.terraform.io/hashicorp/aws\"]",
      "instances": [
        {
          "schema_version": 1,
          "attributes": {
            "arn": "arn:aws:ec2:eu-west-2:637423603362:security-group/sg-0e2975d5353cf092b",
            "description": "Managed by Terraform",
            "egress": [
              {
                "cidr_blocks": [
                  "0.0.0.0/0"
                ],
                "description": "",
                "from_port": 0,
                "ipv6_cidr_blocks": [
                  "::/0"
                ],
                "prefix_list_ids": [],
                "protocol": "-1",
                "security_groups": [],
                "self": false,
                "to_port": 0
              }
            ],
            "id": "sg-0e2975d5353cf092b",
            "ingress": [],
            "name": "allow-egress",
            "name_prefix": "",
            "owner_id": "637423603362",
            "revoke_rules_on_delete": false,
            "tags": {},
            "tags_all": {},
            "timeouts": null,
            "vpc_id": "vpc-041c26637b16b8be9"
          },
          "sensitive_attributes": [],
          "private": "eyJlMmJmYjczMC1lY2FhLTExZTYtOGY4OC0zNDM2M2JjN2M0YzAiOnsiY3JlYXRlIjo2MDAwMDAwMDAwMDAsImRlbGV0ZSI6OTAwMDAwMDAwMDAwfSwic2NoZW1hX3ZlcnNpb24iOiIxIn0=",
          "dependencies": [
            "module.vpc.aws_vpc.main"
          ]
        }
      ]
    },
    {
      "module": "module.security",
      "mode": "managed",
      "type": "aws_security_group",
      "name": "allow_ingress",
      "provider": "provider[\"registry.terraform.io/hashicorp/aws\"]",
      "instances": [
        {
          "schema_version": 1,
          "attributes": {
            "arn": "arn:aws:ec2:eu-west-2:637423603362:security-group/sg-0a6c2f8a819db3d34",
            "description": "Managed by Terraform",
            "egress": [],
            "id": "sg-0a6c2f8a819db3d34",
            "ingress": [
              {
                "cidr_blocks": [
                  "0.0.0.0/0"
                ],
                "description": "",
                "from_port": 3000,
                "ipv6_cidr_blocks": [
                  "::/0"
                ],
                "prefix_list_ids": [],
                "protocol": "tcp",
                "security_groups": [],
                "self": false,
                "to_port": 3000
              },
              {
                "cidr_blocks": [
                  "0.0.0.0/0"
                ],
                "description": "",
                "from_port": 443,
                "ipv6_cidr_blocks": [
                  "::/0"
                ],
                "prefix_list_ids": [],
                "protocol": "tcp",
                "security_groups": [],
                "self": false,
                "to_port": 443
              },
              {
                "cidr_blocks": [
                  "0.0.0.0/0"
                ],
                "description": "",
                "from_port": 80,
                "ipv6_cidr_blocks": [
                  "::/0"
                ],
                "prefix_list_ids": [],
                "protocol": "tcp",
                "security_groups": [],
                "self": false,
                "to_port": 80
              }
            ],
            "name": "allow-ingress",
            "name_prefix": "",
            "owner_id": "637423603362",
            "revoke_rules_on_delete": false,
            "tags": {},
            "tags_all": {},
            "timeouts": null,
            "vpc_id": "vpc-041c26637b16b8be9"
          },
          "sensitive_attributes": [],
          "private": "eyJlMmJmYjczMC1lY2FhLTExZTYtOGY4OC0zNDM2M2JjN2M0YzAiOnsiY3JlYXRlIjo2MDAwMDAwMDAwMDAsImRlbGV0ZSI6OTAwMDAwMDAwMDAwfSwic2NoZW1hX3ZlcnNpb24iOiIxIn0=",
          "dependencies": [
            "module.vpc.aws_vpc.main"
          ]
        }
      ]
    },
    {
      "module": "module.security",
      "mode": "managed",
      "type": "aws_security_group",
      "name": "allow_internal_ingress",
      "provider": "provider[\"registry.terraform.io/hashicorp/aws\"]",
      "instances": [
        {
          "schema_version": 1,
          "attributes": {
            "arn": "arn:aws:ec2:eu-west-2:637423603362:security-group/sg-0d9ee6989d2c9daf0",
            "description": "Managed by Terraform",
            "egress": [],
            "id": "sg-0d9ee6989d2c9daf0",
            "ingress": [
              {
                "cidr_blocks": [],
                "description": "",
                "from_port": 3000,
                "ipv6_cidr_blocks": [],
                "prefix_list_ids": [],
                "protocol": "tcp",
                "security_groups": [],
                "self": true,
                "to_port": 3000
              },
              {
                "cidr_blocks": [],
                "description": "",
                "from_port": 80,
                "ipv6_cidr_blocks": [],
                "prefix_list_ids": [],
                "protocol": "tcp",
                "security_groups": [],
                "self": true,
                "to_port": 80
              }
            ],
            "name": "allow-internal-ingress",
            "name_prefix": "",
            "owner_id": "637423603362",
            "revoke_rules_on_delete": false,
            "tags": {},
            "tags_all": {},
            "timeouts": null,
            "vpc_id": "vpc-041c26637b16b8be9"
          },
          "sensitive_attributes": [],
          "private": "eyJlMmJmYjczMC1lY2FhLTExZTYtOGY4OC0zNDM2M2JjN2M0YzAiOnsiY3JlYXRlIjo2MDAwMDAwMDAwMDAsImRlbGV0ZSI6OTAwMDAwMDAwMDAwfSwic2NoZW1hX3ZlcnNpb24iOiIxIn0=",
          "dependencies": [
            "module.vpc.aws_vpc.main"
          ]
        }
      ]
    },
    {
      "module": "module.security",
      "mode": "managed",
      "type": "aws_security_group",
      "name": "allow_ssh",
      "provider": "provider[\"registry.terraform.io/hashicorp/aws\"]",
      "instances": [
        {
          "schema_version": 1,
          "attributes": {
            "arn": "arn:aws:ec2:eu-west-2:637423603362:security-group/sg-07cafb63abd17b38c",
            "description": "Managed by Terraform",
            "egress": [],
            "id": "sg-07cafb63abd17b38c",
            "ingress": [
              {
                "cidr_blocks": [
                  "185.205.174.138/32"
                ],
                "description": "",
                "from_port": 22,
                "ipv6_cidr_blocks": [],
                "prefix_list_ids": [],
                "protocol": "tcp",
                "security_groups": [],
                "self": true,
                "to_port": 22
              }
            ],
            "name": "allow_ssh",
            "name_prefix": "",
            "owner_id": "637423603362",
            "revoke_rules_on_delete": false,
            "tags": {},
            "tags_all": {},
            "timeouts": null,
            "vpc_id": "vpc-041c26637b16b8be9"
          },
          "sensitive_attributes": [],
          "private": "eyJlMmJmYjczMC1lY2FhLTExZTYtOGY4OC0zNDM2M2JjN2M0YzAiOnsiY3JlYXRlIjo2MDAwMDAwMDAwMDAsImRlbGV0ZSI6OTAwMDAwMDAwMDAwfSwic2NoZW1hX3ZlcnNpb24iOiIxIn0=",
          "dependencies": [
            "module.vpc.aws_vpc.main"
          ]
        }
      ]
    },
    {
      "module": "module.security",
      "mode": "managed",
      "type": "aws_security_group_rule",
      "name": "allow_all_out",
      "provider": "provider[\"registry.terraform.io/hashicorp/aws\"]",
      "instances": [
        {
          "schema_version": 2,
          "attributes": {
            "cidr_blocks": [
              "0.0.0.0/0"
            ],
            "description": "",
            "from_port": 0,
            "id": "sgrule-2671810665",
            "ipv6_cidr_blocks": [
              "::/0"
            ],
            "prefix_list_ids": null,
            "protocol": "-1",
            "security_group_id": "sg-0e2975d5353cf092b",
            "security_group_rule_id": "",
            "self": false,
            "source_security_group_id": null,
            "timeouts": null,
            "to_port": 0,
            "type": "egress"
          },
          "sensitive_attributes": [],
          "private": "eyJlMmJmYjczMC1lY2FhLTExZTYtOGY4OC0zNDM2M2JjN2M0YzAiOnsiY3JlYXRlIjozMDAwMDAwMDAwMDB9LCJzY2hlbWFfdmVyc2lvbiI6IjIifQ==",
          "dependencies": [
            "module.security.aws_security_group.allow_egress",
            "module.vpc.aws_vpc.main"
          ]
        }
      ]
    },
    {
      "module": "module.security",
      "mode": "managed",
      "type": "aws_security_group_rule",
      "name": "allow_bastion_ssh",
      "provider": "provider[\"registry.terraform.io/hashicorp/aws\"]",
      "instances": [
        {
          "schema_version": 2,
          "attributes": {
            "cidr_blocks": null,
            "description": "",
            "from_port": 22,
            "id": "sgrule-3200240832",
            "ipv6_cidr_blocks": null,
            "prefix_list_ids": null,
            "protocol": "tcp",
            "security_group_id": "sg-07cafb63abd17b38c",
            "security_group_rule_id": "sgr-08aa413ab7866e99d",
            "self": true,
            "source_security_group_id": null,
            "timeouts": null,
            "to_port": 22,
            "type": "ingress"
          },
          "sensitive_attributes": [],
          "private": "eyJlMmJmYjczMC1lY2FhLTExZTYtOGY4OC0zNDM2M2JjN2M0YzAiOnsiY3JlYXRlIjozMDAwMDAwMDAwMDB9LCJzY2hlbWFfdmVyc2lvbiI6IjIifQ==",
          "dependencies": [
            "module.security.aws_security_group.allow_ssh",
            "module.vpc.aws_vpc.main"
          ]
        }
      ]
    },
    {
      "module": "module.security",
      "mode": "managed",
      "type": "aws_security_group_rule",
      "name": "allow_http_in",
      "provider": "provider[\"registry.terraform.io/hashicorp/aws\"]",
      "instances": [
        {
          "schema_version": 2,
          "attributes": {
            "cidr_blocks": [
              "0.0.0.0/0"
            ],
            "description": "",
            "from_port": 80,
            "id": "sgrule-576486740",
            "ipv6_cidr_blocks": [
              "::/0"
            ],
            "prefix_list_ids": null,
            "protocol": "tcp",
            "security_group_id": "sg-0a6c2f8a819db3d34",
            "security_group_rule_id": "",
            "self": false,
            "source_security_group_id": null,
            "timeouts": null,
            "to_port": 80,
            "type": "ingress"
          },
          "sensitive_attributes": [],
          "private": "eyJlMmJmYjczMC1lY2FhLTExZTYtOGY4OC0zNDM2M2JjN2M0YzAiOnsiY3JlYXRlIjozMDAwMDAwMDAwMDB9LCJzY2hlbWFfdmVyc2lvbiI6IjIifQ==",
          "dependencies": [
            "module.security.aws_security_group.allow_ingress",
            "module.vpc.aws_vpc.main"
          ]
        }
      ]
    },
    {
      "module": "module.security",
      "mode": "managed",
      "type": "aws_security_group_rule",
      "name": "allow_https_in",
      "provider": "provider[\"registry.terraform.io/hashicorp/aws\"]",
      "instances": [
        {
          "schema_version": 2,
          "attributes": {
            "cidr_blocks": [
              "0.0.0.0/0"
            ],
            "description": "",
            "from_port": 443,
            "id": "sgrule-2083244763",
            "ipv6_cidr_blocks": [
              "::/0"
            ],
            "prefix_list_ids": null,
            "protocol": "tcp",
            "security_group_id": "sg-0a6c2f8a819db3d34",
            "security_group_rule_id": "",
            "self": false,
            "source_security_group_id": null,
            "timeouts": null,
            "to_port": 443,
            "type": "ingress"
          },
          "sensitive_attributes": [],
          "private": "eyJlMmJmYjczMC1lY2FhLTExZTYtOGY4OC0zNDM2M2JjN2M0YzAiOnsiY3JlYXRlIjozMDAwMDAwMDAwMDB9LCJzY2hlbWFfdmVyc2lvbiI6IjIifQ==",
          "dependencies": [
            "module.security.aws_security_group.allow_ingress",
            "module.vpc.aws_vpc.main"
          ]
        }
      ]
    },
    {
      "module": "module.security",
      "mode": "managed",
      "type": "aws_security_group_rule",
      "name": "allow_internal_port_3000",
      "provider": "provider[\"registry.terraform.io/hashicorp/aws\"]",
      "instances": [
        {
          "schema_version": 2,
          "attributes": {
            "cidr_blocks": null,
            "description": "",
            "from_port": 3000,
            "id": "sgrule-3069819400",
            "ipv6_cidr_blocks": null,
            "prefix_list_ids": null,
            "protocol": "tcp",
            "security_group_id": "sg-0d9ee6989d2c9daf0",
            "security_group_rule_id": "sgr-0e6f21e7f7ece0e6c",
            "self": true,
            "source_security_group_id": null,
            "timeouts": null,
            "to_port": 3000,
            "type": "ingress"
          },
          "sensitive_attributes": [],
          "private": "eyJlMmJmYjczMC1lY2FhLTExZTYtOGY4OC0zNDM2M2JjN2M0YzAiOnsiY3JlYXRlIjozMDAwMDAwMDAwMDB9LCJzY2hlbWFfdmVyc2lvbiI6IjIifQ==",
          "dependencies": [
            "module.security.aws_security_group.allow_internal_ingress",
            "module.vpc.aws_vpc.main"
          ]
        }
      ]
    },
    {
      "module": "module.security",
      "mode": "managed",
      "type": "aws_security_group_rule",
      "name": "allow_internal_port_80",
      "provider": "provider[\"registry.terraform.io/hashicorp/aws\"]",
      "instances": [
        {
          "schema_version": 2,
          "attributes": {
            "cidr_blocks": null,
            "description": "",
            "from_port": 80,
            "id": "sgrule-284443452",
            "ipv6_cidr_blocks": null,
            "prefix_list_ids": null,
            "protocol": "tcp",
            "security_group_id": "sg-0d9ee6989d2c9daf0",
            "security_group_rule_id": "sgr-08acbb1590d6f8b62",
            "self": true,
            "source_security_group_id": null,
            "timeouts": null,
            "to_port": 80,
            "type": "ingress"
          },
          "sensitive_attributes": [],
          "private": "eyJlMmJmYjczMC1lY2FhLTExZTYtOGY4OC0zNDM2M2JjN2M0YzAiOnsiY3JlYXRlIjozMDAwMDAwMDAwMDB9LCJzY2hlbWFfdmVyc2lvbiI6IjIifQ==",
          "dependencies": [
            "module.security.aws_security_group.allow_internal_ingress",
            "module.vpc.aws_vpc.main"
          ]
        }
      ]
    },
    {
      "module": "module.security",
      "mode": "managed",
      "type": "aws_security_group_rule",
      "name": "allow_port_3000",
      "provider": "provider[\"registry.terraform.io/hashicorp/aws\"]",
      "instances": [
        {
          "schema_version": 2,
          "attributes": {
            "cidr_blocks": [
              "0.0.0.0/0"
            ],
            "description": "",
            "from_port": 3000,
            "id": "sgrule-2003951819",
            "ipv6_cidr_blocks": [
              "::/0"
            ],
            "prefix_list_ids": null,
            "protocol": "tcp",
            "security_group_id": "sg-0a6c2f8a819db3d34",
            "security_group_rule_id": "",
            "self": false,
            "source_security_group_id": null,
            "timeouts": null,
            "to_port": 3000,
            "type": "ingress"
          },
          "sensitive_attributes": [],
          "private": "eyJlMmJmYjczMC1lY2FhLTExZTYtOGY4OC0zNDM2M2JjN2M0YzAiOnsiY3JlYXRlIjozMDAwMDAwMDAwMDB9LCJzY2hlbWFfdmVyc2lvbiI6IjIifQ==",
          "dependencies": [
            "module.security.aws_security_group.allow_ingress",
            "module.vpc.aws_vpc.main"
          ]
        }
      ]
    },
    {
      "module": "module.security",
      "mode": "managed",
      "type": "aws_security_group_rule",
      "name": "allow_ssh",
      "provider": "provider[\"registry.terraform.io/hashicorp/aws\"]",
      "instances": [
        {
          "schema_version": 2,
          "attributes": {
            "cidr_blocks": [
              "185.205.174.138/32"
            ],
            "description": "",
            "from_port": 22,
            "id": "sgrule-3693247517",
            "ipv6_cidr_blocks": null,
            "prefix_list_ids": null,
            "protocol": "tcp",
            "security_group_id": "sg-07cafb63abd17b38c",
            "security_group_rule_id": "sgr-0009534bba5823bd1",
            "self": false,
            "source_security_group_id": null,
            "timeouts": null,
            "to_port": 22,
            "type": "ingress"
          },
          "sensitive_attributes": [],
          "private": "eyJlMmJmYjczMC1lY2FhLTExZTYtOGY4OC0zNDM2M2JjN2M0YzAiOnsiY3JlYXRlIjozMDAwMDAwMDAwMDB9LCJzY2hlbWFfdmVyc2lvbiI6IjIifQ==",
          "dependencies": [
            "module.security.aws_security_group.allow_ssh",
            "module.security.data.http.my_ip_address",
            "module.vpc.aws_vpc.main"
          ]
        }
      ]
    },
    {
      "module": "module.vpc",
      "mode": "managed",
      "type": "aws_default_route_table",
      "name": "private_rtb",
      "provider": "provider[\"registry.terraform.io/hashicorp/aws\"]",
      "instances": [
        {
          "schema_version": 0,
          "attributes": {
            "arn": "arn:aws:ec2:eu-west-2:637423603362:route-table/rtb-057c7ec02d3d4d866",
            "default_route_table_id": "rtb-057c7ec02d3d4d866",
            "id": "rtb-057c7ec02d3d4d866",
            "owner_id": "637423603362",
            "propagating_vgws": [],
            "route": [
              {
                "cidr_block": "0.0.0.0/0",
                "core_network_arn": "",
                "destination_prefix_list_id": "",
                "egress_only_gateway_id": "",
                "gateway_id": "",
                "instance_id": "",
                "ipv6_cidr_block": "",
                "nat_gateway_id": "nat-023c782d7e0d4dd0b",
                "network_interface_id": "",
                "transit_gateway_id": "",
                "vpc_endpoint_id": "",
                "vpc_peering_connection_id": ""
              }
            ],
            "tags": {
              "Name": "private-route-table"
            },
            "tags_all": {
              "Name": "private-route-table"
            },
            "timeouts": null,
            "vpc_id": "vpc-041c26637b16b8be9"
          },
          "sensitive_attributes": [],
          "private": "eyJlMmJmYjczMC1lY2FhLTExZTYtOGY4OC0zNDM2M2JjN2M0YzAiOnsiY3JlYXRlIjoxMjAwMDAwMDAwMDAsInVwZGF0ZSI6MTIwMDAwMDAwMDAwfX0=",
          "dependencies": [
            "module.vpc.aws_vpc.main"
          ]
        }
      ]
    },
    {
      "module": "module.vpc",
      "mode": "managed",
      "type": "aws_eip",
      "name": "nat_gateway",
      "provider": "provider[\"registry.terraform.io/hashicorp/aws\"]",
      "instances": [
        {
          "schema_version": 0,
          "attributes": {
            "address": null,
            "allocation_id": "eipalloc-040fb8b90bf99063d",
            "associate_with_private_ip": null,
            "association_id": "eipassoc-0726629a467d6a053",
            "carrier_ip": "",
            "customer_owned_ip": "",
            "customer_owned_ipv4_pool": "",
            "domain": "vpc",
            "id": "eipalloc-040fb8b90bf99063d",
            "instance": "",
            "network_border_group": "eu-west-2",
            "network_interface": "eni-07ac88822de8bbcc5",
            "private_dns": "ip-10-0-101-83.eu-west-2.compute.internal",
            "private_ip": "10.0.101.83",
            "public_dns": "ec2-18-168-144-80.eu-west-2.compute.amazonaws.com",
            "public_ip": "18.168.144.80",
            "public_ipv4_pool": "amazon",
            "tags": {},
            "tags_all": {},
            "timeouts": null,
            "vpc": true
          },
          "sensitive_attributes": [],
          "private": "eyJlMmJmYjczMC1lY2FhLTExZTYtOGY4OC0zNDM2M2JjN2M0YzAiOnsiZGVsZXRlIjoxODAwMDAwMDAwMDAsInJlYWQiOjkwMDAwMDAwMDAwMCwidXBkYXRlIjozMDAwMDAwMDAwMDB9fQ==",
          "dependencies": [
            "module.vpc.aws_internet_gateway.internet_gateway",
            "module.vpc.aws_vpc.main"
          ]
        }
      ]
    },
    {
      "module": "module.vpc",
      "mode": "managed",
      "type": "aws_internet_gateway",
      "name": "internet_gateway",
      "provider": "provider[\"registry.terraform.io/hashicorp/aws\"]",
      "instances": [
        {
          "schema_version": 0,
          "attributes": {
            "arn": "arn:aws:ec2:eu-west-2:637423603362:internet-gateway/igw-0864f99d6d3ef282a",
            "id": "igw-0864f99d6d3ef282a",
            "owner_id": "637423603362",
            "tags": {
              "Name": "internet-gateway"
            },
            "tags_all": {
              "Name": "internet-gateway"
            },
            "timeouts": null,
            "vpc_id": "vpc-041c26637b16b8be9"
          },
          "sensitive_attributes": [],
          "private": "eyJlMmJmYjczMC1lY2FhLTExZTYtOGY4OC0zNDM2M2JjN2M0YzAiOnsiY3JlYXRlIjoxMjAwMDAwMDAwMDAwLCJkZWxldGUiOjEyMDAwMDAwMDAwMDAsInVwZGF0ZSI6MTIwMDAwMDAwMDAwMH19",
          "dependencies": [
            "module.vpc.aws_vpc.main"
          ]
        }
      ]
    },
    {
      "module": "module.vpc",
      "mode": "managed",
      "type": "aws_nat_gateway",
      "name": "nat_gateway",
      "provider": "provider[\"registry.terraform.io/hashicorp/aws\"]",
      "instances": [
        {
          "schema_version": 0,
          "attributes": {
            "allocation_id": "eipalloc-040fb8b90bf99063d",
            "association_id": "eipassoc-0726629a467d6a053",
            "connectivity_type": "public",
            "id": "nat-023c782d7e0d4dd0b",
            "network_interface_id": "eni-07ac88822de8bbcc5",
            "private_ip": "10.0.101.83",
            "public_ip": "18.168.144.80",
            "secondary_allocation_ids": [],
            "secondary_private_ip_address_count": 0,
            "secondary_private_ip_addresses": [],
            "subnet_id": "subnet-09eef5cf97e5ba90d",
            "tags": {
              "Name": "nat-gateway"
            },
            "tags_all": {
              "Name": "nat-gateway"
            },
            "timeouts": null
          },
          "sensitive_attributes": [],
          "private": "eyJlMmJmYjczMC1lY2FhLTExZTYtOGY4OC0zNDM2M2JjN2M0YzAiOnsiY3JlYXRlIjo2MDAwMDAwMDAwMDAsImRlbGV0ZSI6MTgwMDAwMDAwMDAwMCwidXBkYXRlIjo2MDAwMDAwMDAwMDB9fQ==",
          "dependencies": [
            "module.vpc.aws_eip.nat_gateway",
            "module.vpc.aws_internet_gateway.internet_gateway",
            "module.vpc.aws_subnet.public",
            "module.vpc.aws_vpc.main"
          ]
        }
      ]
    },
    {
      "module": "module.vpc",
      "mode": "managed",
      "type": "aws_route",
      "name": "private_internet",
      "provider": "provider[\"registry.terraform.io/hashicorp/aws\"]",
      "instances": [
        {
          "schema_version": 0,
          "attributes": {
            "carrier_gateway_id": "",
            "core_network_arn": "",
            "destination_cidr_block": "0.0.0.0/0",
            "destination_ipv6_cidr_block": "",
            "destination_prefix_list_id": "",
            "egress_only_gateway_id": "",
            "gateway_id": "",
            "id": "r-rtb-057c7ec02d3d4d8661080289494",
            "instance_id": "",
            "instance_owner_id": "",
            "local_gateway_id": "",
            "nat_gateway_id": "nat-023c782d7e0d4dd0b",
            "network_interface_id": "",
            "origin": "CreateRoute",
            "route_table_id": "rtb-057c7ec02d3d4d866",
            "state": "active",
            "timeouts": null,
            "transit_gateway_id": "",
            "vpc_endpoint_id": "",
            "vpc_peering_connection_id": ""
          },
          "sensitive_attributes": [],
          "private": "eyJlMmJmYjczMC1lY2FhLTExZTYtOGY4OC0zNDM2M2JjN2M0YzAiOnsiY3JlYXRlIjozMDAwMDAwMDAwMDAsImRlbGV0ZSI6MzAwMDAwMDAwMDAwLCJ1cGRhdGUiOjEyMDAwMDAwMDAwMH19",
          "dependencies": [
            "module.vpc.aws_default_route_table.private_rtb",
            "module.vpc.aws_eip.nat_gateway",
            "module.vpc.aws_internet_gateway.internet_gateway",
            "module.vpc.aws_nat_gateway.nat_gateway",
            "module.vpc.aws_subnet.public",
            "module.vpc.aws_vpc.main"
          ]
        }
      ]
    },
    {
      "module": "module.vpc",
      "mode": "managed",
      "type": "aws_route",
      "name": "public_internet",
      "provider": "provider[\"registry.terraform.io/hashicorp/aws\"]",
      "instances": [
        {
          "schema_version": 0,
          "attributes": {
            "carrier_gateway_id": "",
            "core_network_arn": "",
            "destination_cidr_block": "0.0.0.0/0",
            "destination_ipv6_cidr_block": "",
            "destination_prefix_list_id": "",
            "egress_only_gateway_id": "",
            "gateway_id": "igw-0864f99d6d3ef282a",
            "id": "r-rtb-035363736e21f4e3f1080289494",
            "instance_id": "",
            "instance_owner_id": "",
            "local_gateway_id": "",
            "nat_gateway_id": "",
            "network_interface_id": "",
            "origin": "CreateRoute",
            "route_table_id": "rtb-035363736e21f4e3f",
            "state": "active",
            "timeouts": null,
            "transit_gateway_id": "",
            "vpc_endpoint_id": "",
            "vpc_peering_connection_id": ""
          },
          "sensitive_attributes": [],
          "private": "eyJlMmJmYjczMC1lY2FhLTExZTYtOGY4OC0zNDM2M2JjN2M0YzAiOnsiY3JlYXRlIjozMDAwMDAwMDAwMDAsImRlbGV0ZSI6MzAwMDAwMDAwMDAwLCJ1cGRhdGUiOjEyMDAwMDAwMDAwMH19",
          "dependencies": [
            "module.vpc.aws_internet_gateway.internet_gateway",
            "module.vpc.aws_route_table.public_rtb",
            "module.vpc.aws_vpc.main"
          ]
        }
      ]
    },
    {
      "module": "module.vpc",
      "mode": "managed",
      "type": "aws_route_table",
      "name": "public_rtb",
      "provider": "provider[\"registry.terraform.io/hashicorp/aws\"]",
      "instances": [
        {
          "schema_version": 0,
          "attributes": {
            "arn": "arn:aws:ec2:eu-west-2:637423603362:route-table/rtb-035363736e21f4e3f",
            "id": "rtb-035363736e21f4e3f",
            "owner_id": "637423603362",
            "propagating_vgws": [],
            "route": [
              {
                "carrier_gateway_id": "",
                "cidr_block": "0.0.0.0/0",
                "core_network_arn": "",
                "destination_prefix_list_id": "",
                "egress_only_gateway_id": "",
                "gateway_id": "igw-0864f99d6d3ef282a",
                "ipv6_cidr_block": "",
                "local_gateway_id": "",
                "nat_gateway_id": "",
                "network_interface_id": "",
                "transit_gateway_id": "",
                "vpc_endpoint_id": "",
                "vpc_peering_connection_id": ""
              }
            ],
            "tags": {
              "Name": "public-route-table"
            },
            "tags_all": {
              "Name": "public-route-table"
            },
            "timeouts": null,
            "vpc_id": "vpc-041c26637b16b8be9"
          },
          "sensitive_attributes": [],
          "private": "eyJlMmJmYjczMC1lY2FhLTExZTYtOGY4OC0zNDM2M2JjN2M0YzAiOnsiY3JlYXRlIjozMDAwMDAwMDAwMDAsImRlbGV0ZSI6MzAwMDAwMDAwMDAwLCJ1cGRhdGUiOjEyMDAwMDAwMDAwMH19",
          "dependencies": [
            "module.vpc.aws_vpc.main"
          ]
        }
      ]
    },
    {
      "module": "module.vpc",
      "mode": "managed",
      "type": "aws_route_table_association",
      "name": "private",
      "provider": "provider[\"registry.terraform.io/hashicorp/aws\"]",
      "instances": [
        {
          "index_key": 0,
          "schema_version": 0,
          "attributes": {
            "gateway_id": "",
            "id": "rtbassoc-037ef4235b9d806dc",
            "route_table_id": "rtb-057c7ec02d3d4d866",
            "subnet_id": "subnet-0924a3fc671d7d5da",
            "timeouts": null
          },
          "sensitive_attributes": [],
          "private": "eyJlMmJmYjczMC1lY2FhLTExZTYtOGY4OC0zNDM2M2JjN2M0YzAiOnsiY3JlYXRlIjozMDAwMDAwMDAwMDAsImRlbGV0ZSI6MzAwMDAwMDAwMDAwLCJ1cGRhdGUiOjEyMDAwMDAwMDAwMH19",
          "dependencies": [
            "module.vpc.aws_default_route_table.private_rtb",
            "module.vpc.aws_subnet.private",
            "module.vpc.aws_vpc.main"
          ]
        },
        {
          "index_key": 1,
          "schema_version": 0,
          "attributes": {
            "gateway_id": "",
            "id": "rtbassoc-09f5d660498b0dc56",
            "route_table_id": "rtb-057c7ec02d3d4d866",
            "subnet_id": "subnet-0458540e7622ad04c",
            "timeouts": null
          },
          "sensitive_attributes": [],
          "private": "eyJlMmJmYjczMC1lY2FhLTExZTYtOGY4OC0zNDM2M2JjN2M0YzAiOnsiY3JlYXRlIjozMDAwMDAwMDAwMDAsImRlbGV0ZSI6MzAwMDAwMDAwMDAwLCJ1cGRhdGUiOjEyMDAwMDAwMDAwMH19",
          "dependencies": [
            "module.vpc.aws_default_route_table.private_rtb",
            "module.vpc.aws_subnet.private",
            "module.vpc.aws_vpc.main"
          ]
        },
        {
          "index_key": 2,
          "schema_version": 0,
          "attributes": {
            "gateway_id": "",
            "id": "rtbassoc-0dc18364756da18d1",
            "route_table_id": "rtb-057c7ec02d3d4d866",
            "subnet_id": "subnet-0ac0b6b24a6dae3c5",
            "timeouts": null
          },
          "sensitive_attributes": [],
          "private": "eyJlMmJmYjczMC1lY2FhLTExZTYtOGY4OC0zNDM2M2JjN2M0YzAiOnsiY3JlYXRlIjozMDAwMDAwMDAwMDAsImRlbGV0ZSI6MzAwMDAwMDAwMDAwLCJ1cGRhdGUiOjEyMDAwMDAwMDAwMH19",
          "dependencies": [
            "module.vpc.aws_default_route_table.private_rtb",
            "module.vpc.aws_subnet.private",
            "module.vpc.aws_vpc.main"
          ]
        }
      ]
    },
    {
      "module": "module.vpc",
      "mode": "managed",
      "type": "aws_route_table_association",
      "name": "public",
      "provider": "provider[\"registry.terraform.io/hashicorp/aws\"]",
      "instances": [
        {
          "index_key": 0,
          "schema_version": 0,
          "attributes": {
            "gateway_id": "",
            "id": "rtbassoc-0e18ac810418dca07",
            "route_table_id": "rtb-035363736e21f4e3f",
            "subnet_id": "subnet-09eef5cf97e5ba90d",
            "timeouts": null
          },
          "sensitive_attributes": [],
          "private": "eyJlMmJmYjczMC1lY2FhLTExZTYtOGY4OC0zNDM2M2JjN2M0YzAiOnsiY3JlYXRlIjozMDAwMDAwMDAwMDAsImRlbGV0ZSI6MzAwMDAwMDAwMDAwLCJ1cGRhdGUiOjEyMDAwMDAwMDAwMH19",
          "dependencies": [
            "module.vpc.aws_route_table.public_rtb",
            "module.vpc.aws_subnet.public",
            "module.vpc.aws_vpc.main"
          ]
        },
        {
          "index_key": 1,
          "schema_version": 0,
          "attributes": {
            "gateway_id": "",
            "id": "rtbassoc-0bc5bbf01acae83e1",
            "route_table_id": "rtb-035363736e21f4e3f",
            "subnet_id": "subnet-0f47f785210ba5ee1",
            "timeouts": null
          },
          "sensitive_attributes": [],
          "private": "eyJlMmJmYjczMC1lY2FhLTExZTYtOGY4OC0zNDM2M2JjN2M0YzAiOnsiY3JlYXRlIjozMDAwMDAwMDAwMDAsImRlbGV0ZSI6MzAwMDAwMDAwMDAwLCJ1cGRhdGUiOjEyMDAwMDAwMDAwMH19",
          "dependencies": [
            "module.vpc.aws_route_table.public_rtb",
            "module.vpc.aws_subnet.public",
            "module.vpc.aws_vpc.main"
          ]
        },
        {
          "index_key": 2,
          "schema_version": 0,
          "attributes": {
            "gateway_id": "",
            "id": "rtbassoc-0a9573964e6eb489b",
            "route_table_id": "rtb-035363736e21f4e3f",
            "subnet_id": "subnet-07a9d797b31bfaacb",
            "timeouts": null
          },
          "sensitive_attributes": [],
          "private": "eyJlMmJmYjczMC1lY2FhLTExZTYtOGY4OC0zNDM2M2JjN2M0YzAiOnsiY3JlYXRlIjozMDAwMDAwMDAwMDAsImRlbGV0ZSI6MzAwMDAwMDAwMDAwLCJ1cGRhdGUiOjEyMDAwMDAwMDAwMH19",
          "dependencies": [
            "module.vpc.aws_route_table.public_rtb",
            "module.vpc.aws_subnet.public",
            "module.vpc.aws_vpc.main"
          ]
        }
      ]
    },
    {
      "module": "module.vpc",
      "mode": "managed",
      "type": "aws_subnet",
      "name": "private",
      "provider": "provider[\"registry.terraform.io/hashicorp/aws\"]",
      "instances": [
        {
          "index_key": 0,
          "schema_version": 1,
          "attributes": {
            "arn": "arn:aws:ec2:eu-west-2:637423603362:subnet/subnet-0924a3fc671d7d5da",
            "assign_ipv6_address_on_creation": false,
            "availability_zone": "eu-west-2a",
            "availability_zone_id": "euw2-az2",
            "cidr_block": "10.0.1.0/24",
            "customer_owned_ipv4_pool": "",
            "enable_dns64": false,
            "enable_lni_at_device_index": 0,
            "enable_resource_name_dns_a_record_on_launch": false,
            "enable_resource_name_dns_aaaa_record_on_launch": false,
            "id": "subnet-0924a3fc671d7d5da",
            "ipv6_cidr_block": "",
            "ipv6_cidr_block_association_id": "",
            "ipv6_native": false,
            "map_customer_owned_ip_on_launch": false,
            "map_public_ip_on_launch": false,
            "outpost_arn": "",
            "owner_id": "637423603362",
            "private_dns_hostname_type_on_launch": "ip-name",
            "tags": {
              "Name": "private-subnet0"
            },
            "tags_all": {
              "Name": "private-subnet0"
            },
            "timeouts": null,
            "vpc_id": "vpc-041c26637b16b8be9"
          },
          "sensitive_attributes": [],
          "private": "eyJlMmJmYjczMC1lY2FhLTExZTYtOGY4OC0zNDM2M2JjN2M0YzAiOnsiY3JlYXRlIjo2MDAwMDAwMDAwMDAsImRlbGV0ZSI6MTIwMDAwMDAwMDAwMH0sInNjaGVtYV92ZXJzaW9uIjoiMSJ9",
          "dependencies": [
            "module.vpc.aws_vpc.main"
          ]
        },
        {
          "index_key": 1,
          "schema_version": 1,
          "attributes": {
            "arn": "arn:aws:ec2:eu-west-2:637423603362:subnet/subnet-0458540e7622ad04c",
            "assign_ipv6_address_on_creation": false,
            "availability_zone": "eu-west-2b",
            "availability_zone_id": "euw2-az3",
            "cidr_block": "10.0.2.0/24",
            "customer_owned_ipv4_pool": "",
            "enable_dns64": false,
            "enable_lni_at_device_index": 0,
            "enable_resource_name_dns_a_record_on_launch": false,
            "enable_resource_name_dns_aaaa_record_on_launch": false,
            "id": "subnet-0458540e7622ad04c",
            "ipv6_cidr_block": "",
            "ipv6_cidr_block_association_id": "",
            "ipv6_native": false,
            "map_customer_owned_ip_on_launch": false,
            "map_public_ip_on_launch": false,
            "outpost_arn": "",
            "owner_id": "637423603362",
            "private_dns_hostname_type_on_launch": "ip-name",
            "tags": {
              "Name": "private-subnet1"
            },
            "tags_all": {
              "Name": "private-subnet1"
            },
            "timeouts": null,
            "vpc_id": "vpc-041c26637b16b8be9"
          },
          "sensitive_attributes": [],
          "private": "eyJlMmJmYjczMC1lY2FhLTExZTYtOGY4OC0zNDM2M2JjN2M0YzAiOnsiY3JlYXRlIjo2MDAwMDAwMDAwMDAsImRlbGV0ZSI6MTIwMDAwMDAwMDAwMH0sInNjaGVtYV92ZXJzaW9uIjoiMSJ9",
          "dependencies": [
            "module.vpc.aws_vpc.main"
          ]
        },
        {
          "index_key": 2,
          "schema_version": 1,
          "attributes": {
            "arn": "arn:aws:ec2:eu-west-2:637423603362:subnet/subnet-0ac0b6b24a6dae3c5",
            "assign_ipv6_address_on_creation": false,
            "availability_zone": "eu-west-2c",
            "availability_zone_id": "euw2-az1",
            "cidr_block": "10.0.3.0/24",
            "customer_owned_ipv4_pool": "",
            "enable_dns64": false,
            "enable_lni_at_device_index": 0,
            "enable_resource_name_dns_a_record_on_launch": false,
            "enable_resource_name_dns_aaaa_record_on_launch": false,
            "id": "subnet-0ac0b6b24a6dae3c5",
            "ipv6_cidr_block": "",
            "ipv6_cidr_block_association_id": "",
            "ipv6_native": false,
            "map_customer_owned_ip_on_launch": false,
            "map_public_ip_on_launch": false,
            "outpost_arn": "",
            "owner_id": "637423603362",
            "private_dns_hostname_type_on_launch": "ip-name",
            "tags": {
              "Name": "private-subnet2"
            },
            "tags_all": {
              "Name": "private-subnet2"
            },
            "timeouts": null,
            "vpc_id": "vpc-041c26637b16b8be9"
          },
          "sensitive_attributes": [],
          "private": "eyJlMmJmYjczMC1lY2FhLTExZTYtOGY4OC0zNDM2M2JjN2M0YzAiOnsiY3JlYXRlIjo2MDAwMDAwMDAwMDAsImRlbGV0ZSI6MTIwMDAwMDAwMDAwMH0sInNjaGVtYV92ZXJzaW9uIjoiMSJ9",
          "dependencies": [
            "module.vpc.aws_vpc.main"
          ]
        }
      ]
    },
    {
      "module": "module.vpc",
      "mode": "managed",
      "type": "aws_subnet",
      "name": "public",
      "provider": "provider[\"registry.terraform.io/hashicorp/aws\"]",
      "instances": [
        {
          "index_key": 0,
          "schema_version": 1,
          "attributes": {
            "arn": "arn:aws:ec2:eu-west-2:637423603362:subnet/subnet-09eef5cf97e5ba90d",
            "assign_ipv6_address_on_creation": false,
            "availability_zone": "eu-west-2a",
            "availability_zone_id": "euw2-az2",
            "cidr_block": "10.0.101.0/24",
            "customer_owned_ipv4_pool": "",
            "enable_dns64": false,
            "enable_lni_at_device_index": 0,
            "enable_resource_name_dns_a_record_on_launch": false,
            "enable_resource_name_dns_aaaa_record_on_launch": false,
            "id": "subnet-09eef5cf97e5ba90d",
            "ipv6_cidr_block": "",
            "ipv6_cidr_block_association_id": "",
            "ipv6_native": false,
            "map_customer_owned_ip_on_launch": false,
            "map_public_ip_on_launch": false,
            "outpost_arn": "",
            "owner_id": "637423603362",
            "private_dns_hostname_type_on_launch": "ip-name",
            "tags": {
              "Name": "public-subnet0"
            },
            "tags_all": {
              "Name": "public-subnet0"
            },
            "timeouts": null,
            "vpc_id": "vpc-041c26637b16b8be9"
          },
          "sensitive_attributes": [],
          "private": "eyJlMmJmYjczMC1lY2FhLTExZTYtOGY4OC0zNDM2M2JjN2M0YzAiOnsiY3JlYXRlIjo2MDAwMDAwMDAwMDAsImRlbGV0ZSI6MTIwMDAwMDAwMDAwMH0sInNjaGVtYV92ZXJzaW9uIjoiMSJ9",
          "dependencies": [
            "module.vpc.aws_vpc.main"
          ]
        },
        {
          "index_key": 1,
          "schema_version": 1,
          "attributes": {
            "arn": "arn:aws:ec2:eu-west-2:637423603362:subnet/subnet-0f47f785210ba5ee1",
            "assign_ipv6_address_on_creation": false,
            "availability_zone": "eu-west-2b",
            "availability_zone_id": "euw2-az3",
            "cidr_block": "10.0.102.0/24",
            "customer_owned_ipv4_pool": "",
            "enable_dns64": false,
            "enable_lni_at_device_index": 0,
            "enable_resource_name_dns_a_record_on_launch": false,
            "enable_resource_name_dns_aaaa_record_on_launch": false,
            "id": "subnet-0f47f785210ba5ee1",
            "ipv6_cidr_block": "",
            "ipv6_cidr_block_association_id": "",
            "ipv6_native": false,
            "map_customer_owned_ip_on_launch": false,
            "map_public_ip_on_launch": false,
            "outpost_arn": "",
            "owner_id": "637423603362",
            "private_dns_hostname_type_on_launch": "ip-name",
            "tags": {
              "Name": "public-subnet1"
            },
            "tags_all": {
              "Name": "public-subnet1"
            },
            "timeouts": null,
            "vpc_id": "vpc-041c26637b16b8be9"
          },
          "sensitive_attributes": [],
          "private": "eyJlMmJmYjczMC1lY2FhLTExZTYtOGY4OC0zNDM2M2JjN2M0YzAiOnsiY3JlYXRlIjo2MDAwMDAwMDAwMDAsImRlbGV0ZSI6MTIwMDAwMDAwMDAwMH0sInNjaGVtYV92ZXJzaW9uIjoiMSJ9",
          "dependencies": [
            "module.vpc.aws_vpc.main"
          ]
        },
        {
          "index_key": 2,
          "schema_version": 1,
          "attributes": {
            "arn": "arn:aws:ec2:eu-west-2:637423603362:subnet/subnet-07a9d797b31bfaacb",
            "assign_ipv6_address_on_creation": false,
            "availability_zone": "eu-west-2c",
            "availability_zone_id": "euw2-az1",
            "cidr_block": "10.0.103.0/24",
            "customer_owned_ipv4_pool": "",
            "enable_dns64": false,
            "enable_lni_at_device_index": 0,
            "enable_resource_name_dns_a_record_on_launch": false,
            "enable_resource_name_dns_aaaa_record_on_launch": false,
            "id": "subnet-07a9d797b31bfaacb",
            "ipv6_cidr_block": "",
            "ipv6_cidr_block_association_id": "",
            "ipv6_native": false,
            "map_customer_owned_ip_on_launch": false,
            "map_public_ip_on_launch": false,
            "outpost_arn": "",
            "owner_id": "637423603362",
            "private_dns_hostname_type_on_launch": "ip-name",
            "tags": {
              "Name": "public-subnet2"
            },
            "tags_all": {
              "Name": "public-subnet2"
            },
            "timeouts": null,
            "vpc_id": "vpc-041c26637b16b8be9"
          },
          "sensitive_attributes": [],
          "private": "eyJlMmJmYjczMC1lY2FhLTExZTYtOGY4OC0zNDM2M2JjN2M0YzAiOnsiY3JlYXRlIjo2MDAwMDAwMDAwMDAsImRlbGV0ZSI6MTIwMDAwMDAwMDAwMH0sInNjaGVtYV92ZXJzaW9uIjoiMSJ9",
          "dependencies": [
            "module.vpc.aws_vpc.main"
          ]
        }
      ]
    },
    {
      "module": "module.vpc",
      "mode": "managed",
      "type": "aws_vpc",
      "name": "main",
      "provider": "provider[\"registry.terraform.io/hashicorp/aws\"]",
      "instances": [
        {
          "schema_version": 1,
          "attributes": {
            "arn": "arn:aws:ec2:eu-west-2:637423603362:vpc/vpc-041c26637b16b8be9",
            "assign_generated_ipv6_cidr_block": false,
            "cidr_block": "10.0.0.0/16",
            "default_network_acl_id": "acl-0906eaaadc29f93ff",
            "default_route_table_id": "rtb-057c7ec02d3d4d866",
            "default_security_group_id": "sg-0fdc74090b2959cb2",
            "dhcp_options_id": "dopt-0c910e5576b2c259f",
            "enable_dns_hostnames": true,
            "enable_dns_support": true,
            "enable_network_address_usage_metrics": false,
            "id": "vpc-041c26637b16b8be9",
            "instance_tenancy": "default",
            "ipv4_ipam_pool_id": null,
            "ipv4_netmask_length": null,
            "ipv6_association_id": "",
            "ipv6_cidr_block": "",
            "ipv6_cidr_block_network_border_group": "",
            "ipv6_ipam_pool_id": "",
            "ipv6_netmask_length": 0,
            "main_route_table_id": "rtb-057c7ec02d3d4d866",
            "owner_id": "637423603362",
            "tags": {
              "Name": "terraform-project"
            },
            "tags_all": {
              "Name": "terraform-project"
            }
          },
          "sensitive_attributes": [],
          "private": "eyJzY2hlbWFfdmVyc2lvbiI6IjEifQ=="
        }
      ]
    }
  ],
  "check_results": [
    {
      "object_kind": "var",
      "config_addr": "module.lighting_db.var.hash_key_type",
      "status": "unknown",
      "objects": [
        {
          "object_addr": "module.lighting_db.var.hash_key_type",
          "status": "unknown"
        }
      ]
    },
    {
      "object_kind": "var",
      "config_addr": "module.heating_db.var.hash_key_type",
      "status": "unknown",
      "objects": [
        {
          "object_addr": "module.heating_db.var.hash_key_type",
          "status": "unknown"
        }
      ]
    }
  ]
}
